
Microsoft Visual Studio Solution File, Format Version 12.00
# Visual Studio Version 17
VisualStudioVersion = 17.12.35527.113
MinimumVisualStudioVersion = 10.0.40219.1
Project("{FAE04EC0-301F-11D3-BF4B-00C04F79EFBC}") = "Cradle.Bootstrapper", "Cradle.Bootstrapper\Cradle.Bootstrapper.csproj", "{EDC30AFB-05A4-40BF-8B24-F79313606A2C}"
EndProject
Project("{FAE04EC0-301F-11D3-BF4B-00C04F79EFBC}") = "Cradle.Control", "Cradle.Console\Cradle.Control.csproj", "{069C32E4-2B18-4230-9BBB-EC860C04DB55}"
EndProject
Project("{FAE04EC0-301F-11D3-BF4B-00C04F79EFBC}") = "Cradle.Core", "Cradle.Core\Cradle.Core.csproj", "{81500AB5-C152-4E7B-BB5C-4DE9B82D8E6C}"
EndProject
Project("{FAE04EC0-301F-11D3-BF4B-00C04F79EFBC}") = "Cradle.Debugger", "Cradle.Debugger\Cradle.Debugger.csproj", "{8DE7E927-EC44-4C82-952F-C535C606141C}"
EndProject
Project("{FAE04EC0-301F-11D3-BF4B-00C04F79EFBC}") = "Cradle.Launcher", "Cradle.Launcher\Cradle.Launcher.csproj", "{2C058350-F505-499C-8101-7F94AAC596C3}"
EndProject
Project("{FAE04EC0-301F-11D3-BF4B-00C04F79EFBC}") = "Cradle.Proxy", "Cradle.Proxy\Cradle.Proxy.csproj", "{676C102D-480B-4C6D-BAD7-1BDB4138415B}"
EndProject
Project("{FAE04EC0-301F-11D3-BF4B-00C04F79EFBC}") = "Cradle.SoftwareUpdate.Builder", "Cradle.SoftwareUpdate.Builder\Cradle.SoftwareUpdate.Builder.csproj", "{A0A2B8D9-84FE-478B-9C93-EBA6AED071E1}"
EndProject
Project("{FAE04EC0-301F-11D3-BF4B-00C04F79EFBC}") = "CradleUI", "CradleUI\CradleUI.csproj", "{BE811F77-A978-4E54-82AC-F5672BE8C1B4}"
EndProject
Project("{2150E333-8FDC-42A3-9474-1A3956D46DE8}") = "MachineKit", "MachineKit", "{82DC7775-3803-4201-BFBD-550817FD6736}"
EndProject
Project("{FAE04EC0-301F-11D3-BF4B-00C04F79EFBC}") = "Machine.Communicator", "Machine.Communicator\Machine.Communicator.csproj", "{5B2093BE-D724-449F-A230-E340E7A4F957}"
EndProject
Project("{FAE04EC0-301F-11D3-BF4B-00C04F79EFBC}") = "Machine.Core", "Machine.Core\Machine.Core.csproj", "{7224AF3E-97A3-43B3-8521-7F54574FD912}"
EndProject
Project("{FAE04EC0-301F-11D3-BF4B-00C04F79EFBC}") = "Machine.Metacompiler.Localization", "Machine.Metacompiler.Localization\Machine.Metacompiler.Localization.csproj", "{AEE39C4C-DAFE-4320-98CF-6CAB321A11AB}"
EndProject
Project("{FAE04EC0-301F-11D3-BF4B-00C04F79EFBC}") = "Machine.Remote", "Machine.Remote\Machine.Remote.csproj", "{9ACB7089-C014-47DF-80BD-FE03A787E809}"
EndProject
Project("{FAE04EC0-301F-11D3-BF4B-00C04F79EFBC}") = "Machine.Security", "Machine.Encryption\Machine.Security.csproj", "{2AA9EDAD-A630-4B26-8656-A6FBB1D9C65F}"
EndProject
Project("{FAE04EC0-301F-11D3-BF4B-00C04F79EFBC}") = "Machine.Shell", "Machine.Shell\Machine.Shell.csproj", "{0742304A-AB75-4DA9-BA2C-E4EE2C9645CA}"
EndProject
Project("{FAE04EC0-301F-11D3-BF4B-00C04F79EFBC}") = "Machine.SoftwareUpdate", "Machine.SoftwareUpdate\Machine.SoftwareUpdate.csproj", "{E2BA8942-B368-4B3D-BDEF-14CC68442593}"
EndProject
Project("{FAE04EC0-301F-11D3-BF4B-00C04F79EFBC}") = "Machine.SoftwareUpdate.Updater", "Cradle.SoftwareUpdate.Updater\Machine.SoftwareUpdate.Updater.csproj", "{7E4F2E41-0E5E-4379-86C9-437CB5B97428}"
EndProject
Project("{FAE04EC0-301F-11D3-BF4B-00C04F79EFBC}") = "Machine.Tester", "Machine.Tester\Machine.Tester.csproj", "{42F68195-207B-4F67-946D-EB1B13D6DAA3}"
EndProject
Project("{FAE04EC0-301F-11D3-BF4B-00C04F79EFBC}") = "Machine.UI", "Machine.Common.UI\Machine.UI.csproj", "{445B1E80-ADF8-4B37-9096-27FA0D5B2737}"
EndProject
Project("{FAE04EC0-301F-11D3-BF4B-00C04F79EFBC}") = "Machine.UI.Controls", "Machine.UI.Controls\Machine.UI.Controls.csproj", "{DE9341C2-E039-4030-810F-F3E2A98C4194}"
EndProject
Project("{FAE04EC0-301F-11D3-BF4B-00C04F79EFBC}") = "Machine.Unlocker", "Machine.Unlocker\Machine.Unlocker.csproj", "{4DC7E0DB-E2DC-4CCB-934E-223E052F5AD3}"
EndProject
Project("{FAE04EC0-301F-11D3-BF4B-00C04F79EFBC}") = "Machine.Utility.UdpLogger", "Machine.Utility.UdpLogger\Machine.Utility.UdpLogger.csproj", "{65B85895-4F40-42EA-980A-C0391FA2BAFD}"
EndProject
Project("{2150E333-8FDC-42A3-9474-1A3956D46DE8}") = "ProRob", "ProRob", "{4775051E-B3CC-40EE-A78A-69B3B1F94D36}"
EndProject
Project("{FAE04EC0-301F-11D3-BF4B-00C04F79EFBC}") = "ProRob.DataPacket", "ProRob.DataPacket\ProRob.DataPacket.csproj", "{2681F500-2675-49AD-9919-BAD85A5DEB7C}"
EndProject
Project("{FAE04EC0-301F-11D3-BF4B-00C04F79EFBC}") = "ProRob.WebApi", "ProRob.WebApi\ProRob.WebApi.csproj", "{B5D1AF99-7919-499A-95A8-6EAA6565B3DD}"
EndProject
Project("{2150E333-8FDC-42A3-9474-1A3956D46DE8}") = "Framework", "Framework", "{7606EA64-DA7B-415A-B7C0-1AA0CAEA7188}"
EndProject
Project("{FAE04EC0-301F-11D3-BF4B-00C04F79EFBC}") = "ProRob.DataBase", "ProRob.DataBase\ProRob.DataBase.csproj", "{180617A5-8E81-47FC-8F28-D42DFBBA1465}"
EndProject
Project("{FAE04EC0-301F-11D3-BF4B-00C04F79EFBC}") = "ProRob.Database.MySql", "ProRob.Database.MySql\ProRob.Database.MySql.csproj", "{97B48F9D-42AF-4553-8282-CB7FAFC26891}"
EndProject
Project("{FAE04EC0-301F-11D3-BF4B-00C04F79EFBC}") = "ProRob.Drawing", "ProRob.Drawing\ProRob.Drawing.csproj", "{9692A020-BA8C-405F-B487-6C2ECDC1F46F}"
EndProject
Project("{FAE04EC0-301F-11D3-BF4B-00C04F79EFBC}") = "ProRob.Framework", "ProRob.Framework\ProRob.Framework.csproj", "{18C575D2-C202-42A1-9008-043162F14EAF}"
EndProject
Project("{FAE04EC0-301F-11D3-BF4B-00C04F79EFBC}") = "ProRob.Framework.ApplicationInfo", "ProRob.Framework.ApplicationInfo\ProRob.Framework.ApplicationInfo.csproj", "{697DAFEE-84BE-45E2-BF37-6FB9D1BA75EA}"
EndProject
Project("{FAE04EC0-301F-11D3-BF4B-00C04F79EFBC}") = "ProRob.Framework.Compression", "ProRob.Framework.Compression\ProRob.Framework.Compression.csproj", "{E99849FB-A119-44FC-A8F7-4C05CFC1AB4A}"
EndProject
Project("{FAE04EC0-301F-11D3-BF4B-00C04F79EFBC}") = "ProRob.Framework.Documents", "ProRob.Framework.Documents\ProRob.Framework.Documents.csproj", "{5768CA3F-69E2-4CE7-AC6D-878B00A1806A}"
EndProject
Project("{FAE04EC0-301F-11D3-BF4B-00C04F79EFBC}") = "ProRob.Framework.Exceptions", "ProRob.Framework.Exceptions\ProRob.Framework.Exceptions.csproj", "{F4BF726B-DA1A-4E7F-BEE1-2EEC46824223}"
EndProject
Project("{FAE04EC0-301F-11D3-BF4B-00C04F79EFBC}") = "ProRob.Framework.Json", "ProRob.Framework.Json\ProRob.Framework.Json.csproj", "{F8F4ACB3-682C-45E1-A29D-DB627267F3C2}"
EndProject
Project("{FAE04EC0-301F-11D3-BF4B-00C04F79EFBC}") = "ProRob.Framework.Log", "ProRob.Framework.Log\ProRob.Framework.Log.csproj", "{F0509B91-D918-42BB-B997-FBDFC8C431B5}"
EndProject
Project("{FAE04EC0-301F-11D3-BF4B-00C04F79EFBC}") = "ProRob.Framework.Net", "ProRob.Framework.Net\ProRob.Framework.Net.csproj", "{C778995B-B444-435C-BF73-7A191588F8D4}"
EndProject
Project("{FAE04EC0-301F-11D3-BF4B-00C04F79EFBC}") = "ProRob.Framework.SystemInfo", "ProRob.Framework.SystemInfo\ProRob.Framework.SystemInfo.csproj", "{75725992-1444-46D5-A540-14ABE75A9529}"
EndProject
Project("{FAE04EC0-301F-11D3-BF4B-00C04F79EFBC}") = "ProRob.OperatingSystems", "ProRob.OperatingSystems\ProRob.OperatingSystems.csproj", "{6B5D7FBA-59C4-4C40-9EE3-155E68C49309}"
EndProject
Project("{2150E333-8FDC-42A3-9474-1A3956D46DE8}") = "Extensions", "Extensions", "{14B9637B-C1F9-4FEE-BED0-907ABA280916}"
EndProject
Project("{FAE04EC0-301F-11D3-BF4B-00C04F79EFBC}") = "ProRob.Extensions", "ProRob.Extensions\ProRob.Extensions.csproj", "{8A991FD7-A6AD-4201-831C-9F3B358E66D4}"
EndProject
Project("{FAE04EC0-301F-11D3-BF4B-00C04F79EFBC}") = "ProRob.Extensions.Hashing", "ProRob.Extensions.Hashing\ProRob.Extensions.Hashing.csproj", "{A460C0E0-AC43-455D-B6C2-7C6FE288AA42}"
EndProject
Project("{FAE04EC0-301F-11D3-BF4B-00C04F79EFBC}") = "ProRob.Extensions.Json", "ProRob.Extensions.Json\ProRob.Extensions.Json.csproj", "{CFD6D3AB-B5E0-4A8B-A647-0E540F82FD31}"
EndProject
Project("{FAE04EC0-301F-11D3-BF4B-00C04F79EFBC}") = "ProRob.Extensions.Object", "ProRob.Extensions.Object\ProRob.Extensions.Object.csproj", "{8F7B20DF-F124-4D84-9013-090D5069B777}"
EndProject
Project("{FAE04EC0-301F-11D3-BF4B-00C04F79EFBC}") = "ProRob.Extensions.Windows.Forms", "ProRob.Extensions.Windows.Forms\ProRob.Extensions.Windows.Forms.csproj", "{9985B457-8D3F-4A79-9B4F-B2A2E5FC1C92}"
EndProject
Project("{2150E333-8FDC-42A3-9474-1A3956D46DE8}") = "Motion", "Motion", "{5F9004D9-27D1-4322-B2D5-FBFC9C2FE855}"
EndProject
Project("{FAE04EC0-301F-11D3-BF4B-00C04F79EFBC}") = "ProRob.Motion.Models", "ProRob.Motion\ProRob.Motion.Models.csproj", "{25E5C42C-DE45-43D9-A8C4-55819A00C9EA}"
EndProject
Project("{FAE04EC0-301F-11D3-BF4B-00C04F79EFBC}") = "ProRob.Motion.TrajectoryPlanner", "ProRob.Motion.TrajectoryPlanner\ProRob.Motion.TrajectoryPlanner.csproj", "{8D7030F6-D8E5-4A05-A358-EC3BA4A6CCE5}"
EndProject
Project("{FAE04EC0-301F-11D3-BF4B-00C04F79EFBC}") = "ProRob.Motion.TrajectoryPlanner.MatlabHelper", "DoubleSTrajectoryPlanner\ProRob.Motion.TrajectoryPlanner.MatlabHelper.csproj", "{25D13384-28DA-4A28-94EC-350E56117BAB}"
EndProject
Project("{FAE04EC0-301F-11D3-BF4B-00C04F79EFBC}") = "TrajectoryPlotter", "TrajectoryPlotter\TrajectoryPlotter.csproj", "{64E24F77-CFE5-4C3B-95E7-03F2544B49D9}"
EndProject
Project("{2150E333-8FDC-42A3-9474-1A3956D46DE8}") = "Caron", "Caron", "{8CF4D173-BD66-4121-AC38-76C931900873}"
EndProject
Project("{FAE04EC0-301F-11D3-BF4B-00C04F79EFBC}") = "Caron.CuttingRoomMachine", "Caron.CuttingRoomMachine\Caron.CuttingRoomMachine.csproj", "{67C6A9CC-55DA-453C-B7CD-89397FD490FB}"
EndProject
Project("{FAE04EC0-301F-11D3-BF4B-00C04F79EFBC}") = "Caron.FabricPlacement", "Caron.FabricPlacement\Caron.FabricPlacement.csproj", "{33123DED-4FA7-49AE-B31F-102B8C2E9033}"
EndProject
Project("{FAE04EC0-301F-11D3-BF4B-00C04F79EFBC}") = "Caron.FileFabricsCopier", "Caron.FileFabricsCopier\Caron.FileFabricsCopier.csproj", "{30AFD9C0-0581-4277-BF5E-12EC3F264EFA}"
EndProject
Project("{FAE04EC0-301F-11D3-BF4B-00C04F79EFBC}") = "Caron.FileFormats", "Caron.FileFormats\Caron.FileFormats.csproj", "{73CBFA6A-944C-4013-837E-F6A2B612FAD4}"
EndProject
Project("{FAE04EC0-301F-11D3-BF4B-00C04F79EFBC}") = "Caron.LicenseBuilder", "Caron.LicenseBuilder\Caron.LicenseBuilder.csproj", "{BAB5EAA8-F020-47F2-8199-598F2E7F224D}"
EndProject
Project("{FAE04EC0-301F-11D3-BF4B-00C04F79EFBC}") = "Caron.UI.Controls", "Caron.UI.Controls\Caron.UI.Controls.csproj", "{41E8B52E-2C32-4DE4-A577-A0C8C8A6B5F8}"
EndProject
Project("{FAE04EC0-301F-11D3-BF4B-00C04F79EFBC}") = "Caron.Workings", "Caron.Workings\Caron.Workings.csproj", "{546BC737-3F24-4DEE-8696-04B5EF426E52}"
EndProject
Project("{2150E333-8FDC-42A3-9474-1A3956D46DE8}") = "_VERSIONING", "_VERSIONING", "{667E60F3-AAF5-4FF0-9E9C-E1D355F1112D}"
EndProject
Project("{2150E333-8FDC-42A3-9474-1A3956D46DE8}") = "York", "York", "{E345E5F4-2E45-41DE-B51F-979E8C06A6DC}"
	ProjectSection(SolutionItems) = preProject
		Constant.SoftwareVersioning.cs = Constant.SoftwareVersioning.cs
	EndProjectSection
EndProject
Project("{2150E333-8FDC-42A3-9474-1A3956D46DE8}") = "Libs", "Libs", "{C48B341D-EE29-4FB5-8493-973CAC4551CE}"
EndProject
Project("{2150E333-8FDC-42A3-9474-1A3956D46DE8}") = "Free", "Free", "{599CF1CC-8C68-4241-A14A-311B07B4F760}"
EndProject
Project("{2150E333-8FDC-42A3-9474-1A3956D46DE8}") = "Modbus", "Modbus", "{A2EFC861-4395-40A5-90CD-E10C160ED890}"
	ProjectSection(SolutionItems) = preProject
		..\DEV\Libs\Modbus\log4net.dll = ..\DEV\Libs\Modbus\log4net.dll
		..\DEV\Libs\Modbus\Modbus.dll = ..\DEV\Libs\Modbus\Modbus.dll
		..\DEV\Libs\Modbus\Modbus.Extensions.dll = ..\DEV\Libs\Modbus\Modbus.Extensions.dll
		..\DEV\Libs\Modbus\Unme.Common.dll = ..\DEV\Libs\Modbus\Unme.Common.dll
	EndProjectSection
EndProject
Project("{FAE04EC0-301F-11D3-BF4B-00C04F79EFBC}") = "ColorSlider", "ColorSlider\ColorSlider.csproj", "{3A042E48-7E6D-4B83-AAA7-5A30143995B8}"
EndProject
Project("{FAE04EC0-301F-11D3-BF4B-00C04F79EFBC}") = "RawInput", "RawInput\RawInput.csproj", "{C9914481-0AFB-4D21-B808-0C92BC9FCA9F}"
EndProject
Project("{FAE04EC0-301F-11D3-BF4B-00C04F79EFBC}") = "Free.Core", "Free.Core\Free.Core.csproj", "{11694EAD-79DB-447A-8A5C-17A240D9B7D6}"
EndProject
Project("{FAE04EC0-301F-11D3-BF4B-00C04F79EFBC}") = "Free.Crypto", "Free.Crypto\Free.Crypto.csproj", "{DD2E7FDA-E578-4A5B-BED4-600E309AFAF3}"
EndProject
Project("{2150E333-8FDC-42A3-9474-1A3956D46DE8}") = "Solution Items", "Solution Items", "{00B87ACF-FD8E-4D42-82A1-947A6830C99E}"
	ProjectSection(SolutionItems) = preProject
		.editorconfig = .editorconfig
	EndProjectSection
EndProject
Global
	GlobalSection(SolutionConfigurationPlatforms) = preSolution
		Debug|Any CPU = Debug|Any CPU
		Debug|x86 = Debug|x86
		Release|Any CPU = Release|Any CPU
		Release|x86 = Release|x86
		Test|Any CPU = Test|Any CPU
		Test|x86 = Test|x86
	EndGlobalSection
	GlobalSection(ProjectConfigurationPlatforms) = postSolution
		{EDC30AFB-05A4-40BF-8B24-F79313606A2C}.Debug|Any CPU.ActiveCfg = Debug|Any CPU
		{EDC30AFB-05A4-40BF-8B24-F79313606A2C}.Debug|Any CPU.Build.0 = Debug|Any CPU
		{EDC30AFB-05A4-40BF-8B24-F79313606A2C}.Debug|x86.ActiveCfg = Debug|x86
		{EDC30AFB-05A4-40BF-8B24-F79313606A2C}.Debug|x86.Build.0 = Debug|x86
		{EDC30AFB-05A4-40BF-8B24-F79313606A2C}.Release|Any CPU.ActiveCfg = Release|Any CPU
		{EDC30AFB-05A4-40BF-8B24-F79313606A2C}.Release|Any CPU.Build.0 = Release|Any CPU
		{EDC30AFB-05A4-40BF-8B24-F79313606A2C}.Release|x86.ActiveCfg = Release|x86
		{EDC30AFB-05A4-40BF-8B24-F79313606A2C}.Release|x86.Build.0 = Release|x86
		{EDC30AFB-05A4-40BF-8B24-F79313606A2C}.Test|Any CPU.ActiveCfg = Test|Any CPU
		{EDC30AFB-05A4-40BF-8B24-F79313606A2C}.Test|Any CPU.Build.0 = Test|Any CPU
		{EDC30AFB-05A4-40BF-8B24-F79313606A2C}.Test|x86.ActiveCfg = Test|x86
		{EDC30AFB-05A4-40BF-8B24-F79313606A2C}.Test|x86.Build.0 = Test|x86
		{069C32E4-2B18-4230-9BBB-EC860C04DB55}.Debug|Any CPU.ActiveCfg = Debug|Any CPU
		{069C32E4-2B18-4230-9BBB-EC860C04DB55}.Debug|Any CPU.Build.0 = Debug|Any CPU
		{069C32E4-2B18-4230-9BBB-EC860C04DB55}.Debug|x86.ActiveCfg = Debug|x86
		{069C32E4-2B18-4230-9BBB-EC860C04DB55}.Debug|x86.Build.0 = Debug|x86
		{069C32E4-2B18-4230-9BBB-EC860C04DB55}.Release|Any CPU.ActiveCfg = Release|Any CPU
		{069C32E4-2B18-4230-9BBB-EC860C04DB55}.Release|Any CPU.Build.0 = Release|Any CPU
		{069C32E4-2B18-4230-9BBB-EC860C04DB55}.Release|x86.ActiveCfg = Release|x86
		{069C32E4-2B18-4230-9BBB-EC860C04DB55}.Release|x86.Build.0 = Release|x86
		{069C32E4-2B18-4230-9BBB-EC860C04DB55}.Test|Any CPU.ActiveCfg = Test|Any CPU
		{069C32E4-2B18-4230-9BBB-EC860C04DB55}.Test|Any CPU.Build.0 = Test|Any CPU
		{069C32E4-2B18-4230-9BBB-EC860C04DB55}.Test|x86.ActiveCfg = Test|x86
		{069C32E4-2B18-4230-9BBB-EC860C04DB55}.Test|x86.Build.0 = Test|x86
		{81500AB5-C152-4E7B-BB5C-4DE9B82D8E6C}.Debug|Any CPU.ActiveCfg = Debug|Any CPU
		{81500AB5-C152-4E7B-BB5C-4DE9B82D8E6C}.Debug|Any CPU.Build.0 = Debug|Any CPU
		{81500AB5-C152-4E7B-BB5C-4DE9B82D8E6C}.Debug|x86.ActiveCfg = Debug|x86
		{81500AB5-C152-4E7B-BB5C-4DE9B82D8E6C}.Debug|x86.Build.0 = Debug|x86
		{81500AB5-C152-4E7B-BB5C-4DE9B82D8E6C}.Release|Any CPU.ActiveCfg = Release|Any CPU
		{81500AB5-C152-4E7B-BB5C-4DE9B82D8E6C}.Release|Any CPU.Build.0 = Release|Any CPU
		{81500AB5-C152-4E7B-BB5C-4DE9B82D8E6C}.Release|x86.ActiveCfg = Release|x86
		{81500AB5-C152-4E7B-BB5C-4DE9B82D8E6C}.Release|x86.Build.0 = Release|x86
		{81500AB5-C152-4E7B-BB5C-4DE9B82D8E6C}.Test|Any CPU.ActiveCfg = Test|Any CPU
		{81500AB5-C152-4E7B-BB5C-4DE9B82D8E6C}.Test|Any CPU.Build.0 = Test|Any CPU
		{81500AB5-C152-4E7B-BB5C-4DE9B82D8E6C}.Test|x86.ActiveCfg = Test|x86
		{81500AB5-C152-4E7B-BB5C-4DE9B82D8E6C}.Test|x86.Build.0 = Test|x86
		{8DE7E927-EC44-4C82-952F-C535C606141C}.Debug|Any CPU.ActiveCfg = Debug|Any CPU
		{8DE7E927-EC44-4C82-952F-C535C606141C}.Debug|Any CPU.Build.0 = Debug|Any CPU
		{8DE7E927-EC44-4C82-952F-C535C606141C}.Debug|x86.ActiveCfg = Debug|x86
		{8DE7E927-EC44-4C82-952F-C535C606141C}.Debug|x86.Build.0 = Debug|x86
		{8DE7E927-EC44-4C82-952F-C535C606141C}.Release|Any CPU.ActiveCfg = Release|Any CPU
		{8DE7E927-EC44-4C82-952F-C535C606141C}.Release|Any CPU.Build.0 = Release|Any CPU
		{8DE7E927-EC44-4C82-952F-C535C606141C}.Release|x86.ActiveCfg = Release|x86
		{8DE7E927-EC44-4C82-952F-C535C606141C}.Release|x86.Build.0 = Release|x86
		{8DE7E927-EC44-4C82-952F-C535C606141C}.Test|Any CPU.ActiveCfg = Release|Any CPU
		{8DE7E927-EC44-4C82-952F-C535C606141C}.Test|Any CPU.Build.0 = Release|Any CPU
		{8DE7E927-EC44-4C82-952F-C535C606141C}.Test|x86.ActiveCfg = Test|x86
		{8DE7E927-EC44-4C82-952F-C535C606141C}.Test|x86.Build.0 = Test|x86
		{2C058350-F505-499C-8101-7F94AAC596C3}.Debug|Any CPU.ActiveCfg = Debug|Any CPU
		{2C058350-F505-499C-8101-7F94AAC596C3}.Debug|Any CPU.Build.0 = Debug|Any CPU
		{2C058350-F505-499C-8101-7F94AAC596C3}.Debug|x86.ActiveCfg = Debug|x86
		{2C058350-F505-499C-8101-7F94AAC596C3}.Debug|x86.Build.0 = Debug|x86
		{2C058350-F505-499C-8101-7F94AAC596C3}.Release|Any CPU.ActiveCfg = Release|Any CPU
		{2C058350-F505-499C-8101-7F94AAC596C3}.Release|Any CPU.Build.0 = Release|Any CPU
		{2C058350-F505-499C-8101-7F94AAC596C3}.Release|x86.ActiveCfg = Release|x86
		{2C058350-F505-499C-8101-7F94AAC596C3}.Release|x86.Build.0 = Release|x86
		{2C058350-F505-499C-8101-7F94AAC596C3}.Test|Any CPU.ActiveCfg = Test|Any CPU
		{2C058350-F505-499C-8101-7F94AAC596C3}.Test|Any CPU.Build.0 = Test|Any CPU
		{2C058350-F505-499C-8101-7F94AAC596C3}.Test|x86.ActiveCfg = Test|x86
		{2C058350-F505-499C-8101-7F94AAC596C3}.Test|x86.Build.0 = Test|x86
		{676C102D-480B-4C6D-BAD7-1BDB4138415B}.Debug|Any CPU.ActiveCfg = Debug|Any CPU
		{676C102D-480B-4C6D-BAD7-1BDB4138415B}.Debug|Any CPU.Build.0 = Debug|Any CPU
		{676C102D-480B-4C6D-BAD7-1BDB4138415B}.Debug|x86.ActiveCfg = Debug|x86
		{676C102D-480B-4C6D-BAD7-1BDB4138415B}.Debug|x86.Build.0 = Debug|x86
		{676C102D-480B-4C6D-BAD7-1BDB4138415B}.Release|Any CPU.ActiveCfg = Release|Any CPU
		{676C102D-480B-4C6D-BAD7-1BDB4138415B}.Release|Any CPU.Build.0 = Release|Any CPU
		{676C102D-480B-4C6D-BAD7-1BDB4138415B}.Release|x86.ActiveCfg = Release|x86
		{676C102D-480B-4C6D-BAD7-1BDB4138415B}.Release|x86.Build.0 = Release|x86
		{676C102D-480B-4C6D-BAD7-1BDB4138415B}.Test|Any CPU.ActiveCfg = Test|Any CPU
		{676C102D-480B-4C6D-BAD7-1BDB4138415B}.Test|Any CPU.Build.0 = Test|Any CPU
		{676C102D-480B-4C6D-BAD7-1BDB4138415B}.Test|x86.ActiveCfg = Test|x86
		{676C102D-480B-4C6D-BAD7-1BDB4138415B}.Test|x86.Build.0 = Test|x86
		{A0A2B8D9-84FE-478B-9C93-EBA6AED071E1}.Debug|Any CPU.ActiveCfg = Debug|Any CPU
		{A0A2B8D9-84FE-478B-9C93-EBA6AED071E1}.Debug|Any CPU.Build.0 = Debug|Any CPU
		{A0A2B8D9-84FE-478B-9C93-EBA6AED071E1}.Debug|x86.ActiveCfg = Debug|x86
		{A0A2B8D9-84FE-478B-9C93-EBA6AED071E1}.Debug|x86.Build.0 = Debug|x86
		{A0A2B8D9-84FE-478B-9C93-EBA6AED071E1}.Release|Any CPU.ActiveCfg = Release|Any CPU
		{A0A2B8D9-84FE-478B-9C93-EBA6AED071E1}.Release|Any CPU.Build.0 = Release|Any CPU
		{A0A2B8D9-84FE-478B-9C93-EBA6AED071E1}.Release|x86.ActiveCfg = Release|x86
		{A0A2B8D9-84FE-478B-9C93-EBA6AED071E1}.Release|x86.Build.0 = Release|x86
		{A0A2B8D9-84FE-478B-9C93-EBA6AED071E1}.Test|Any CPU.ActiveCfg = Test|Any CPU
		{A0A2B8D9-84FE-478B-9C93-EBA6AED071E1}.Test|Any CPU.Build.0 = Test|Any CPU
		{A0A2B8D9-84FE-478B-9C93-EBA6AED071E1}.Test|x86.ActiveCfg = Test|x86
		{A0A2B8D9-84FE-478B-9C93-EBA6AED071E1}.Test|x86.Build.0 = Test|x86
		{BE811F77-A978-4E54-82AC-F5672BE8C1B4}.Debug|Any CPU.ActiveCfg = Debug|Any CPU
		{BE811F77-A978-4E54-82AC-F5672BE8C1B4}.Debug|Any CPU.Build.0 = Debug|Any CPU
		{BE811F77-A978-4E54-82AC-F5672BE8C1B4}.Debug|x86.ActiveCfg = Debug|x86
		{BE811F77-A978-4E54-82AC-F5672BE8C1B4}.Debug|x86.Build.0 = Debug|x86
		{BE811F77-A978-4E54-82AC-F5672BE8C1B4}.Release|Any CPU.ActiveCfg = Release|Any CPU
		{BE811F77-A978-4E54-82AC-F5672BE8C1B4}.Release|Any CPU.Build.0 = Release|Any CPU
		{BE811F77-A978-4E54-82AC-F5672BE8C1B4}.Release|x86.ActiveCfg = Release|x86
		{BE811F77-A978-4E54-82AC-F5672BE8C1B4}.Release|x86.Build.0 = Release|x86
		{BE811F77-A978-4E54-82AC-F5672BE8C1B4}.Test|Any CPU.ActiveCfg = Test|Any CPU
		{BE811F77-A978-4E54-82AC-F5672BE8C1B4}.Test|Any CPU.Build.0 = Test|Any CPU
		{BE811F77-A978-4E54-82AC-F5672BE8C1B4}.Test|x86.ActiveCfg = Test|x86
		{BE811F77-A978-4E54-82AC-F5672BE8C1B4}.Test|x86.Build.0 = Test|x86
		{5B2093BE-D724-449F-A230-E340E7A4F957}.Debug|Any CPU.ActiveCfg = Debug|Any CPU
		{5B2093BE-D724-449F-A230-E340E7A4F957}.Debug|Any CPU.Build.0 = Debug|Any CPU
		{5B2093BE-D724-449F-A230-E340E7A4F957}.Debug|x86.ActiveCfg = Debug|x86
		{5B2093BE-D724-449F-A230-E340E7A4F957}.Debug|x86.Build.0 = Debug|x86
		{5B2093BE-D724-449F-A230-E340E7A4F957}.Release|Any CPU.ActiveCfg = Release|Any CPU
		{5B2093BE-D724-449F-A230-E340E7A4F957}.Release|Any CPU.Build.0 = Release|Any CPU
		{5B2093BE-D724-449F-A230-E340E7A4F957}.Release|x86.ActiveCfg = Release|x86
		{5B2093BE-D724-449F-A230-E340E7A4F957}.Release|x86.Build.0 = Release|x86
		{5B2093BE-D724-449F-A230-E340E7A4F957}.Test|Any CPU.ActiveCfg = Release|Any CPU
		{5B2093BE-D724-449F-A230-E340E7A4F957}.Test|Any CPU.Build.0 = Release|Any CPU
		{5B2093BE-D724-449F-A230-E340E7A4F957}.Test|x86.ActiveCfg = Test|x86
		{5B2093BE-D724-449F-A230-E340E7A4F957}.Test|x86.Build.0 = Test|x86
		{7224AF3E-97A3-43B3-8521-7F54574FD912}.Debug|Any CPU.ActiveCfg = Debug|Any CPU
		{7224AF3E-97A3-43B3-8521-7F54574FD912}.Debug|Any CPU.Build.0 = Debug|Any CPU
		{7224AF3E-97A3-43B3-8521-7F54574FD912}.Debug|x86.ActiveCfg = Debug|x86
		{7224AF3E-97A3-43B3-8521-7F54574FD912}.Debug|x86.Build.0 = Debug|x86
		{7224AF3E-97A3-43B3-8521-7F54574FD912}.Release|Any CPU.ActiveCfg = Release|Any CPU
		{7224AF3E-97A3-43B3-8521-7F54574FD912}.Release|Any CPU.Build.0 = Release|Any CPU
		{7224AF3E-97A3-43B3-8521-7F54574FD912}.Release|x86.ActiveCfg = Release|x86
		{7224AF3E-97A3-43B3-8521-7F54574FD912}.Release|x86.Build.0 = Release|x86
		{7224AF3E-97A3-43B3-8521-7F54574FD912}.Test|Any CPU.ActiveCfg = Test|Any CPU
		{7224AF3E-97A3-43B3-8521-7F54574FD912}.Test|Any CPU.Build.0 = Test|Any CPU
		{7224AF3E-97A3-43B3-8521-7F54574FD912}.Test|x86.ActiveCfg = Test|x86
		{7224AF3E-97A3-43B3-8521-7F54574FD912}.Test|x86.Build.0 = Test|x86
		{AEE39C4C-DAFE-4320-98CF-6CAB321A11AB}.Debug|Any CPU.ActiveCfg = Debug|Any CPU
		{AEE39C4C-DAFE-4320-98CF-6CAB321A11AB}.Debug|Any CPU.Build.0 = Debug|Any CPU
		{AEE39C4C-DAFE-4320-98CF-6CAB321A11AB}.Debug|x86.ActiveCfg = Debug|x86
		{AEE39C4C-DAFE-4320-98CF-6CAB321A11AB}.Debug|x86.Build.0 = Debug|x86
		{AEE39C4C-DAFE-4320-98CF-6CAB321A11AB}.Release|Any CPU.ActiveCfg = Release|Any CPU
		{AEE39C4C-DAFE-4320-98CF-6CAB321A11AB}.Release|Any CPU.Build.0 = Release|Any CPU
		{AEE39C4C-DAFE-4320-98CF-6CAB321A11AB}.Release|x86.ActiveCfg = Release|x86
		{AEE39C4C-DAFE-4320-98CF-6CAB321A11AB}.Release|x86.Build.0 = Release|x86
		{AEE39C4C-DAFE-4320-98CF-6CAB321A11AB}.Test|Any CPU.ActiveCfg = Test|Any CPU
		{AEE39C4C-DAFE-4320-98CF-6CAB321A11AB}.Test|Any CPU.Build.0 = Test|Any CPU
		{AEE39C4C-DAFE-4320-98CF-6CAB321A11AB}.Test|x86.ActiveCfg = Test|x86
		{AEE39C4C-DAFE-4320-98CF-6CAB321A11AB}.Test|x86.Build.0 = Test|x86
		{9ACB7089-C014-47DF-80BD-FE03A787E809}.Debug|Any CPU.ActiveCfg = Debug|Any CPU
		{9ACB7089-C014-47DF-80BD-FE03A787E809}.Debug|Any CPU.Build.0 = Debug|Any CPU
		{9ACB7089-C014-47DF-80BD-FE03A787E809}.Debug|x86.ActiveCfg = Debug|x86
		{9ACB7089-C014-47DF-80BD-FE03A787E809}.Debug|x86.Build.0 = Debug|x86
		{9ACB7089-C014-47DF-80BD-FE03A787E809}.Release|Any CPU.ActiveCfg = Release|Any CPU
		{9ACB7089-C014-47DF-80BD-FE03A787E809}.Release|Any CPU.Build.0 = Release|Any CPU
		{9ACB7089-C014-47DF-80BD-FE03A787E809}.Release|x86.ActiveCfg = Release|x86
		{9ACB7089-C014-47DF-80BD-FE03A787E809}.Release|x86.Build.0 = Release|x86
		{9ACB7089-C014-47DF-80BD-FE03A787E809}.Test|Any CPU.ActiveCfg = Test|Any CPU
		{9ACB7089-C014-47DF-80BD-FE03A787E809}.Test|Any CPU.Build.0 = Test|Any CPU
		{9ACB7089-C014-47DF-80BD-FE03A787E809}.Test|x86.ActiveCfg = Test|x86
		{9ACB7089-C014-47DF-80BD-FE03A787E809}.Test|x86.Build.0 = Test|x86
		{2AA9EDAD-A630-4B26-8656-A6FBB1D9C65F}.Debug|Any CPU.ActiveCfg = Debug|Any CPU
		{2AA9EDAD-A630-4B26-8656-A6FBB1D9C65F}.Debug|Any CPU.Build.0 = Debug|Any CPU
		{2AA9EDAD-A630-4B26-8656-A6FBB1D9C65F}.Debug|x86.ActiveCfg = Debug|x86
		{2AA9EDAD-A630-4B26-8656-A6FBB1D9C65F}.Debug|x86.Build.0 = Debug|x86
		{2AA9EDAD-A630-4B26-8656-A6FBB1D9C65F}.Release|Any CPU.ActiveCfg = Release|Any CPU
		{2AA9EDAD-A630-4B26-8656-A6FBB1D9C65F}.Release|Any CPU.Build.0 = Release|Any CPU
		{2AA9EDAD-A630-4B26-8656-A6FBB1D9C65F}.Release|x86.ActiveCfg = Release|x86
		{2AA9EDAD-A630-4B26-8656-A6FBB1D9C65F}.Release|x86.Build.0 = Release|x86
		{2AA9EDAD-A630-4B26-8656-A6FBB1D9C65F}.Test|Any CPU.ActiveCfg = Release|Any CPU
		{2AA9EDAD-A630-4B26-8656-A6FBB1D9C65F}.Test|Any CPU.Build.0 = Release|Any CPU
		{2AA9EDAD-A630-4B26-8656-A6FBB1D9C65F}.Test|x86.ActiveCfg = Test|x86
		{2AA9EDAD-A630-4B26-8656-A6FBB1D9C65F}.Test|x86.Build.0 = Test|x86
		{0742304A-AB75-4DA9-BA2C-E4EE2C9645CA}.Debug|Any CPU.ActiveCfg = Debug|Any CPU
		{0742304A-AB75-4DA9-BA2C-E4EE2C9645CA}.Debug|Any CPU.Build.0 = Debug|Any CPU
		{0742304A-AB75-4DA9-BA2C-E4EE2C9645CA}.Debug|x86.ActiveCfg = Debug|x86
		{0742304A-AB75-4DA9-BA2C-E4EE2C9645CA}.Debug|x86.Build.0 = Debug|x86
		{0742304A-AB75-4DA9-BA2C-E4EE2C9645CA}.Release|Any CPU.ActiveCfg = Release|Any CPU
		{0742304A-AB75-4DA9-BA2C-E4EE2C9645CA}.Release|Any CPU.Build.0 = Release|Any CPU
		{0742304A-AB75-4DA9-BA2C-E4EE2C9645CA}.Release|x86.ActiveCfg = Release|x86
		{0742304A-AB75-4DA9-BA2C-E4EE2C9645CA}.Release|x86.Build.0 = Release|x86
		{0742304A-AB75-4DA9-BA2C-E4EE2C9645CA}.Test|Any CPU.ActiveCfg = Release|Any CPU
		{0742304A-AB75-4DA9-BA2C-E4EE2C9645CA}.Test|Any CPU.Build.0 = Release|Any CPU
		{0742304A-AB75-4DA9-BA2C-E4EE2C9645CA}.Test|x86.ActiveCfg = Test|x86
		{0742304A-AB75-4DA9-BA2C-E4EE2C9645CA}.Test|x86.Build.0 = Test|x86
		{E2BA8942-B368-4B3D-BDEF-14CC68442593}.Debug|Any CPU.ActiveCfg = Debug|Any CPU
		{E2BA8942-B368-4B3D-BDEF-14CC68442593}.Debug|Any CPU.Build.0 = Debug|Any CPU
		{E2BA8942-B368-4B3D-BDEF-14CC68442593}.Debug|x86.ActiveCfg = Debug|x86
		{E2BA8942-B368-4B3D-BDEF-14CC68442593}.Debug|x86.Build.0 = Debug|x86
		{E2BA8942-B368-4B3D-BDEF-14CC68442593}.Release|Any CPU.ActiveCfg = Release|Any CPU
		{E2BA8942-B368-4B3D-BDEF-14CC68442593}.Release|Any CPU.Build.0 = Release|Any CPU
		{E2BA8942-B368-4B3D-BDEF-14CC68442593}.Release|x86.ActiveCfg = Release|x86
		{E2BA8942-B368-4B3D-BDEF-14CC68442593}.Release|x86.Build.0 = Release|x86
		{E2BA8942-B368-4B3D-BDEF-14CC68442593}.Test|Any CPU.ActiveCfg = Release|Any CPU
		{E2BA8942-B368-4B3D-BDEF-14CC68442593}.Test|Any CPU.Build.0 = Release|Any CPU
		{E2BA8942-B368-4B3D-BDEF-14CC68442593}.Test|x86.ActiveCfg = Test|x86
		{E2BA8942-B368-4B3D-BDEF-14CC68442593}.Test|x86.Build.0 = Test|x86
		{7E4F2E41-0E5E-4379-86C9-437CB5B97428}.Debug|Any CPU.ActiveCfg = Debug|Any CPU
		{7E4F2E41-0E5E-4379-86C9-437CB5B97428}.Debug|Any CPU.Build.0 = Debug|Any CPU
		{7E4F2E41-0E5E-4379-86C9-437CB5B97428}.Debug|x86.ActiveCfg = Debug|x86
		{7E4F2E41-0E5E-4379-86C9-437CB5B97428}.Debug|x86.Build.0 = Debug|x86
		{7E4F2E41-0E5E-4379-86C9-437CB5B97428}.Release|Any CPU.ActiveCfg = Release|Any CPU
		{7E4F2E41-0E5E-4379-86C9-437CB5B97428}.Release|Any CPU.Build.0 = Release|Any CPU
		{7E4F2E41-0E5E-4379-86C9-437CB5B97428}.Release|x86.ActiveCfg = Release|x86
		{7E4F2E41-0E5E-4379-86C9-437CB5B97428}.Release|x86.Build.0 = Release|x86
		{7E4F2E41-0E5E-4379-86C9-437CB5B97428}.Test|Any CPU.ActiveCfg = Test|Any CPU
		{7E4F2E41-0E5E-4379-86C9-437CB5B97428}.Test|Any CPU.Build.0 = Test|Any CPU
		{7E4F2E41-0E5E-4379-86C9-437CB5B97428}.Test|x86.ActiveCfg = Test|x86
		{7E4F2E41-0E5E-4379-86C9-437CB5B97428}.Test|x86.Build.0 = Test|x86
		{42F68195-207B-4F67-946D-EB1B13D6DAA3}.Debug|Any CPU.ActiveCfg = Debug|Any CPU
		{42F68195-207B-4F67-946D-EB1B13D6DAA3}.Debug|Any CPU.Build.0 = Debug|Any CPU
		{42F68195-207B-4F67-946D-EB1B13D6DAA3}.Debug|x86.ActiveCfg = Debug|x86
		{42F68195-207B-4F67-946D-EB1B13D6DAA3}.Debug|x86.Build.0 = Debug|x86
		{42F68195-207B-4F67-946D-EB1B13D6DAA3}.Release|Any CPU.ActiveCfg = Release|Any CPU
		{42F68195-207B-4F67-946D-EB1B13D6DAA3}.Release|Any CPU.Build.0 = Release|Any CPU
		{42F68195-207B-4F67-946D-EB1B13D6DAA3}.Release|x86.ActiveCfg = Release|x86
		{42F68195-207B-4F67-946D-EB1B13D6DAA3}.Release|x86.Build.0 = Release|x86
		{42F68195-207B-4F67-946D-EB1B13D6DAA3}.Test|Any CPU.ActiveCfg = Test|Any CPU
		{42F68195-207B-4F67-946D-EB1B13D6DAA3}.Test|Any CPU.Build.0 = Test|Any CPU
		{42F68195-207B-4F67-946D-EB1B13D6DAA3}.Test|x86.ActiveCfg = Test|x86
		{42F68195-207B-4F67-946D-EB1B13D6DAA3}.Test|x86.Build.0 = Test|x86
		{445B1E80-ADF8-4B37-9096-27FA0D5B2737}.Debug|Any CPU.ActiveCfg = Debug|Any CPU
		{445B1E80-ADF8-4B37-9096-27FA0D5B2737}.Debug|Any CPU.Build.0 = Debug|Any CPU
		{445B1E80-ADF8-4B37-9096-27FA0D5B2737}.Debug|x86.ActiveCfg = Debug|x86
		{445B1E80-ADF8-4B37-9096-27FA0D5B2737}.Debug|x86.Build.0 = Debug|x86
		{445B1E80-ADF8-4B37-9096-27FA0D5B2737}.Release|Any CPU.ActiveCfg = Release|Any CPU
		{445B1E80-ADF8-4B37-9096-27FA0D5B2737}.Release|Any CPU.Build.0 = Release|Any CPU
		{445B1E80-ADF8-4B37-9096-27FA0D5B2737}.Release|x86.ActiveCfg = Release|x86
		{445B1E80-ADF8-4B37-9096-27FA0D5B2737}.Release|x86.Build.0 = Release|x86
		{445B1E80-ADF8-4B37-9096-27FA0D5B2737}.Test|Any CPU.ActiveCfg = Test|Any CPU
		{445B1E80-ADF8-4B37-9096-27FA0D5B2737}.Test|Any CPU.Build.0 = Test|Any CPU
		{445B1E80-ADF8-4B37-9096-27FA0D5B2737}.Test|x86.ActiveCfg = Test|x86
		{445B1E80-ADF8-4B37-9096-27FA0D5B2737}.Test|x86.Build.0 = Test|x86
		{DE9341C2-E039-4030-810F-F3E2A98C4194}.Debug|Any CPU.ActiveCfg = Debug|Any CPU
		{DE9341C2-E039-4030-810F-F3E2A98C4194}.Debug|Any CPU.Build.0 = Debug|Any CPU
		{DE9341C2-E039-4030-810F-F3E2A98C4194}.Debug|x86.ActiveCfg = Debug|x86
		{DE9341C2-E039-4030-810F-F3E2A98C4194}.Debug|x86.Build.0 = Debug|x86
		{DE9341C2-E039-4030-810F-F3E2A98C4194}.Release|Any CPU.ActiveCfg = Release|Any CPU
		{DE9341C2-E039-4030-810F-F3E2A98C4194}.Release|Any CPU.Build.0 = Release|Any CPU
		{DE9341C2-E039-4030-810F-F3E2A98C4194}.Release|x86.ActiveCfg = Release|x86
		{DE9341C2-E039-4030-810F-F3E2A98C4194}.Release|x86.Build.0 = Release|x86
		{DE9341C2-E039-4030-810F-F3E2A98C4194}.Test|Any CPU.ActiveCfg = Release|Any CPU
		{DE9341C2-E039-4030-810F-F3E2A98C4194}.Test|Any CPU.Build.0 = Release|Any CPU
		{DE9341C2-E039-4030-810F-F3E2A98C4194}.Test|x86.ActiveCfg = Test|x86
		{DE9341C2-E039-4030-810F-F3E2A98C4194}.Test|x86.Build.0 = Test|x86
		{4DC7E0DB-E2DC-4CCB-934E-223E052F5AD3}.Debug|Any CPU.ActiveCfg = Debug|Any CPU
		{4DC7E0DB-E2DC-4CCB-934E-223E052F5AD3}.Debug|Any CPU.Build.0 = Debug|Any CPU
		{4DC7E0DB-E2DC-4CCB-934E-223E052F5AD3}.Debug|x86.ActiveCfg = Debug|x86
		{4DC7E0DB-E2DC-4CCB-934E-223E052F5AD3}.Debug|x86.Build.0 = Debug|x86
		{4DC7E0DB-E2DC-4CCB-934E-223E052F5AD3}.Release|Any CPU.ActiveCfg = Release|Any CPU
		{4DC7E0DB-E2DC-4CCB-934E-223E052F5AD3}.Release|Any CPU.Build.0 = Release|Any CPU
		{4DC7E0DB-E2DC-4CCB-934E-223E052F5AD3}.Release|x86.ActiveCfg = Release|x86
		{4DC7E0DB-E2DC-4CCB-934E-223E052F5AD3}.Release|x86.Build.0 = Release|x86
		{4DC7E0DB-E2DC-4CCB-934E-223E052F5AD3}.Test|Any CPU.ActiveCfg = Release|Any CPU
		{4DC7E0DB-E2DC-4CCB-934E-223E052F5AD3}.Test|Any CPU.Build.0 = Release|Any CPU
		{4DC7E0DB-E2DC-4CCB-934E-223E052F5AD3}.Test|x86.ActiveCfg = Test|x86
		{4DC7E0DB-E2DC-4CCB-934E-223E052F5AD3}.Test|x86.Build.0 = Test|x86
		{65B85895-4F40-42EA-980A-C0391FA2BAFD}.Debug|Any CPU.ActiveCfg = Debug|Any CPU
		{65B85895-4F40-42EA-980A-C0391FA2BAFD}.Debug|Any CPU.Build.0 = Debug|Any CPU
		{65B85895-4F40-42EA-980A-C0391FA2BAFD}.Debug|x86.ActiveCfg = Debug|x86
		{65B85895-4F40-42EA-980A-C0391FA2BAFD}.Debug|x86.Build.0 = Debug|x86
		{65B85895-4F40-42EA-980A-C0391FA2BAFD}.Release|Any CPU.ActiveCfg = Release|Any CPU
		{65B85895-4F40-42EA-980A-C0391FA2BAFD}.Release|Any CPU.Build.0 = Release|Any CPU
		{65B85895-4F40-42EA-980A-C0391FA2BAFD}.Release|x86.ActiveCfg = Release|x86
		{65B85895-4F40-42EA-980A-C0391FA2BAFD}.Release|x86.Build.0 = Release|x86
		{65B85895-4F40-42EA-980A-C0391FA2BAFD}.Test|Any CPU.ActiveCfg = Test|Any CPU
		{65B85895-4F40-42EA-980A-C0391FA2BAFD}.Test|Any CPU.Build.0 = Test|Any CPU
		{65B85895-4F40-42EA-980A-C0391FA2BAFD}.Test|x86.ActiveCfg = Test|x86
		{65B85895-4F40-42EA-980A-C0391FA2BAFD}.Test|x86.Build.0 = Test|x86
		{2681F500-2675-49AD-9919-BAD85A5DEB7C}.Debug|Any CPU.ActiveCfg = Debug|Any CPU
		{2681F500-2675-49AD-9919-BAD85A5DEB7C}.Debug|Any CPU.Build.0 = Debug|Any CPU
		{2681F500-2675-49AD-9919-BAD85A5DEB7C}.Debug|x86.ActiveCfg = Debug|x86
		{2681F500-2675-49AD-9919-BAD85A5DEB7C}.Debug|x86.Build.0 = Debug|x86
		{2681F500-2675-49AD-9919-BAD85A5DEB7C}.Release|Any CPU.ActiveCfg = Release|Any CPU
		{2681F500-2675-49AD-9919-BAD85A5DEB7C}.Release|Any CPU.Build.0 = Release|Any CPU
		{2681F500-2675-49AD-9919-BAD85A5DEB7C}.Release|x86.ActiveCfg = Release|x86
		{2681F500-2675-49AD-9919-BAD85A5DEB7C}.Release|x86.Build.0 = Release|x86
		{2681F500-2675-49AD-9919-BAD85A5DEB7C}.Test|Any CPU.ActiveCfg = Release|Any CPU
		{2681F500-2675-49AD-9919-BAD85A5DEB7C}.Test|Any CPU.Build.0 = Release|Any CPU
		{2681F500-2675-49AD-9919-BAD85A5DEB7C}.Test|x86.ActiveCfg = Test|x86
		{2681F500-2675-49AD-9919-BAD85A5DEB7C}.Test|x86.Build.0 = Test|x86
		{B5D1AF99-7919-499A-95A8-6EAA6565B3DD}.Debug|Any CPU.ActiveCfg = Debug|Any CPU
		{B5D1AF99-7919-499A-95A8-6EAA6565B3DD}.Debug|Any CPU.Build.0 = Debug|Any CPU
		{B5D1AF99-7919-499A-95A8-6EAA6565B3DD}.Debug|x86.ActiveCfg = Debug|x86
		{B5D1AF99-7919-499A-95A8-6EAA6565B3DD}.Debug|x86.Build.0 = Debug|x86
		{B5D1AF99-7919-499A-95A8-6EAA6565B3DD}.Release|Any CPU.ActiveCfg = Release|Any CPU
		{B5D1AF99-7919-499A-95A8-6EAA6565B3DD}.Release|Any CPU.Build.0 = Release|Any CPU
		{B5D1AF99-7919-499A-95A8-6EAA6565B3DD}.Release|x86.ActiveCfg = Release|x86
		{B5D1AF99-7919-499A-95A8-6EAA6565B3DD}.Release|x86.Build.0 = Release|x86
		{B5D1AF99-7919-499A-95A8-6EAA6565B3DD}.Test|Any CPU.ActiveCfg = Release|Any CPU
		{B5D1AF99-7919-499A-95A8-6EAA6565B3DD}.Test|Any CPU.Build.0 = Release|Any CPU
		{B5D1AF99-7919-499A-95A8-6EAA6565B3DD}.Test|x86.ActiveCfg = Test|x86
		{B5D1AF99-7919-499A-95A8-6EAA6565B3DD}.Test|x86.Build.0 = Test|x86
		{180617A5-8E81-47FC-8F28-D42DFBBA1465}.Debug|Any CPU.ActiveCfg = Debug|Any CPU
		{180617A5-8E81-47FC-8F28-D42DFBBA1465}.Debug|Any CPU.Build.0 = Debug|Any CPU
		{180617A5-8E81-47FC-8F28-D42DFBBA1465}.Debug|x86.ActiveCfg = Debug|x86
		{180617A5-8E81-47FC-8F28-D42DFBBA1465}.Debug|x86.Build.0 = Debug|x86
		{180617A5-8E81-47FC-8F28-D42DFBBA1465}.Release|Any CPU.ActiveCfg = Release|Any CPU
		{180617A5-8E81-47FC-8F28-D42DFBBA1465}.Release|Any CPU.Build.0 = Release|Any CPU
		{180617A5-8E81-47FC-8F28-D42DFBBA1465}.Release|x86.ActiveCfg = Release|x86
		{180617A5-8E81-47FC-8F28-D42DFBBA1465}.Release|x86.Build.0 = Release|x86
		{180617A5-8E81-47FC-8F28-D42DFBBA1465}.Test|Any CPU.ActiveCfg = Release|Any CPU
		{180617A5-8E81-47FC-8F28-D42DFBBA1465}.Test|Any CPU.Build.0 = Release|Any CPU
		{180617A5-8E81-47FC-8F28-D42DFBBA1465}.Test|x86.ActiveCfg = Test|x86
		{180617A5-8E81-47FC-8F28-D42DFBBA1465}.Test|x86.Build.0 = Test|x86
		{97B48F9D-42AF-4553-8282-CB7FAFC26891}.Debug|Any CPU.ActiveCfg = Debug|Any CPU
		{97B48F9D-42AF-4553-8282-CB7FAFC26891}.Debug|Any CPU.Build.0 = Debug|Any CPU
		{97B48F9D-42AF-4553-8282-CB7FAFC26891}.Debug|x86.ActiveCfg = Debug|x86
		{97B48F9D-42AF-4553-8282-CB7FAFC26891}.Debug|x86.Build.0 = Debug|x86
		{97B48F9D-42AF-4553-8282-CB7FAFC26891}.Release|Any CPU.ActiveCfg = Release|Any CPU
		{97B48F9D-42AF-4553-8282-CB7FAFC26891}.Release|Any CPU.Build.0 = Release|Any CPU
		{97B48F9D-42AF-4553-8282-CB7FAFC26891}.Release|x86.ActiveCfg = Release|x86
		{97B48F9D-42AF-4553-8282-CB7FAFC26891}.Release|x86.Build.0 = Release|x86
		{97B48F9D-42AF-4553-8282-CB7FAFC26891}.Test|Any CPU.ActiveCfg = Release|Any CPU
		{97B48F9D-42AF-4553-8282-CB7FAFC26891}.Test|Any CPU.Build.0 = Release|Any CPU
		{97B48F9D-42AF-4553-8282-CB7FAFC26891}.Test|x86.ActiveCfg = Test|x86
		{97B48F9D-42AF-4553-8282-CB7FAFC26891}.Test|x86.Build.0 = Test|x86
		{9692A020-BA8C-405F-B487-6C2ECDC1F46F}.Debug|Any CPU.ActiveCfg = Debug|Any CPU
		{9692A020-BA8C-405F-B487-6C2ECDC1F46F}.Debug|Any CPU.Build.0 = Debug|Any CPU
		{9692A020-BA8C-405F-B487-6C2ECDC1F46F}.Debug|x86.ActiveCfg = Debug|x86
		{9692A020-BA8C-405F-B487-6C2ECDC1F46F}.Debug|x86.Build.0 = Debug|x86
		{9692A020-BA8C-405F-B487-6C2ECDC1F46F}.Release|Any CPU.ActiveCfg = Release|Any CPU
		{9692A020-BA8C-405F-B487-6C2ECDC1F46F}.Release|Any CPU.Build.0 = Release|Any CPU
		{9692A020-BA8C-405F-B487-6C2ECDC1F46F}.Release|x86.ActiveCfg = Release|x86
		{9692A020-BA8C-405F-B487-6C2ECDC1F46F}.Release|x86.Build.0 = Release|x86
		{9692A020-BA8C-405F-B487-6C2ECDC1F46F}.Test|Any CPU.ActiveCfg = Release|Any CPU
		{9692A020-BA8C-405F-B487-6C2ECDC1F46F}.Test|Any CPU.Build.0 = Release|Any CPU
		{9692A020-BA8C-405F-B487-6C2ECDC1F46F}.Test|x86.ActiveCfg = Test|x86
		{9692A020-BA8C-405F-B487-6C2ECDC1F46F}.Test|x86.Build.0 = Test|x86
		{18C575D2-C202-42A1-9008-043162F14EAF}.Debug|Any CPU.ActiveCfg = Debug|Any CPU
		{18C575D2-C202-42A1-9008-043162F14EAF}.Debug|Any CPU.Build.0 = Debug|Any CPU
		{18C575D2-C202-42A1-9008-043162F14EAF}.Debug|x86.ActiveCfg = Debug|x86
		{18C575D2-C202-42A1-9008-043162F14EAF}.Debug|x86.Build.0 = Debug|x86
		{18C575D2-C202-42A1-9008-043162F14EAF}.Release|Any CPU.ActiveCfg = Release|Any CPU
		{18C575D2-C202-42A1-9008-043162F14EAF}.Release|Any CPU.Build.0 = Release|Any CPU
		{18C575D2-C202-42A1-9008-043162F14EAF}.Release|x86.ActiveCfg = Release|x86
		{18C575D2-C202-42A1-9008-043162F14EAF}.Release|x86.Build.0 = Release|x86
		{18C575D2-C202-42A1-9008-043162F14EAF}.Test|Any CPU.ActiveCfg = Release|Any CPU
		{18C575D2-C202-42A1-9008-043162F14EAF}.Test|Any CPU.Build.0 = Release|Any CPU
		{18C575D2-C202-42A1-9008-043162F14EAF}.Test|x86.ActiveCfg = Test|x86
		{18C575D2-C202-42A1-9008-043162F14EAF}.Test|x86.Build.0 = Test|x86
		{697DAFEE-84BE-45E2-BF37-6FB9D1BA75EA}.Debug|Any CPU.ActiveCfg = Debug|Any CPU
		{697DAFEE-84BE-45E2-BF37-6FB9D1BA75EA}.Debug|Any CPU.Build.0 = Debug|Any CPU
		{697DAFEE-84BE-45E2-BF37-6FB9D1BA75EA}.Debug|x86.ActiveCfg = Debug|x86
		{697DAFEE-84BE-45E2-BF37-6FB9D1BA75EA}.Debug|x86.Build.0 = Debug|x86
		{697DAFEE-84BE-45E2-BF37-6FB9D1BA75EA}.Release|Any CPU.ActiveCfg = Release|Any CPU
		{697DAFEE-84BE-45E2-BF37-6FB9D1BA75EA}.Release|Any CPU.Build.0 = Release|Any CPU
		{697DAFEE-84BE-45E2-BF37-6FB9D1BA75EA}.Release|x86.ActiveCfg = Release|x86
		{697DAFEE-84BE-45E2-BF37-6FB9D1BA75EA}.Release|x86.Build.0 = Release|x86
		{697DAFEE-84BE-45E2-BF37-6FB9D1BA75EA}.Test|Any CPU.ActiveCfg = Release|Any CPU
		{697DAFEE-84BE-45E2-BF37-6FB9D1BA75EA}.Test|Any CPU.Build.0 = Release|Any CPU
		{697DAFEE-84BE-45E2-BF37-6FB9D1BA75EA}.Test|x86.ActiveCfg = Test|x86
		{697DAFEE-84BE-45E2-BF37-6FB9D1BA75EA}.Test|x86.Build.0 = Test|x86
		{E99849FB-A119-44FC-A8F7-4C05CFC1AB4A}.Debug|Any CPU.ActiveCfg = Debug|Any CPU
		{E99849FB-A119-44FC-A8F7-4C05CFC1AB4A}.Debug|Any CPU.Build.0 = Debug|Any CPU
		{E99849FB-A119-44FC-A8F7-4C05CFC1AB4A}.Debug|x86.ActiveCfg = Debug|x86
		{E99849FB-A119-44FC-A8F7-4C05CFC1AB4A}.Debug|x86.Build.0 = Debug|x86
		{E99849FB-A119-44FC-A8F7-4C05CFC1AB4A}.Release|Any CPU.ActiveCfg = Release|Any CPU
		{E99849FB-A119-44FC-A8F7-4C05CFC1AB4A}.Release|Any CPU.Build.0 = Release|Any CPU
		{E99849FB-A119-44FC-A8F7-4C05CFC1AB4A}.Release|x86.ActiveCfg = Release|x86
		{E99849FB-A119-44FC-A8F7-4C05CFC1AB4A}.Release|x86.Build.0 = Release|x86
		{E99849FB-A119-44FC-A8F7-4C05CFC1AB4A}.Test|Any CPU.ActiveCfg = Release|Any CPU
		{E99849FB-A119-44FC-A8F7-4C05CFC1AB4A}.Test|Any CPU.Build.0 = Release|Any CPU
		{E99849FB-A119-44FC-A8F7-4C05CFC1AB4A}.Test|x86.ActiveCfg = Test|x86
		{E99849FB-A119-44FC-A8F7-4C05CFC1AB4A}.Test|x86.Build.0 = Test|x86
		{5768CA3F-69E2-4CE7-AC6D-878B00A1806A}.Debug|Any CPU.ActiveCfg = Debug|Any CPU
		{5768CA3F-69E2-4CE7-AC6D-878B00A1806A}.Debug|Any CPU.Build.0 = Debug|Any CPU
		{5768CA3F-69E2-4CE7-AC6D-878B00A1806A}.Debug|x86.ActiveCfg = Debug|x86
		{5768CA3F-69E2-4CE7-AC6D-878B00A1806A}.Debug|x86.Build.0 = Debug|x86
		{5768CA3F-69E2-4CE7-AC6D-878B00A1806A}.Release|Any CPU.ActiveCfg = Release|Any CPU
		{5768CA3F-69E2-4CE7-AC6D-878B00A1806A}.Release|Any CPU.Build.0 = Release|Any CPU
		{5768CA3F-69E2-4CE7-AC6D-878B00A1806A}.Release|x86.ActiveCfg = Release|x86
		{5768CA3F-69E2-4CE7-AC6D-878B00A1806A}.Release|x86.Build.0 = Release|x86
		{5768CA3F-69E2-4CE7-AC6D-878B00A1806A}.Test|Any CPU.ActiveCfg = Release|Any CPU
		{5768CA3F-69E2-4CE7-AC6D-878B00A1806A}.Test|Any CPU.Build.0 = Release|Any CPU
		{5768CA3F-69E2-4CE7-AC6D-878B00A1806A}.Test|x86.ActiveCfg = Test|x86
		{5768CA3F-69E2-4CE7-AC6D-878B00A1806A}.Test|x86.Build.0 = Test|x86
		{F4BF726B-DA1A-4E7F-BEE1-2EEC46824223}.Debug|Any CPU.ActiveCfg = Debug|Any CPU
		{F4BF726B-DA1A-4E7F-BEE1-2EEC46824223}.Debug|Any CPU.Build.0 = Debug|Any CPU
		{F4BF726B-DA1A-4E7F-BEE1-2EEC46824223}.Debug|x86.ActiveCfg = Debug|x86
		{F4BF726B-DA1A-4E7F-BEE1-2EEC46824223}.Debug|x86.Build.0 = Debug|x86
		{F4BF726B-DA1A-4E7F-BEE1-2EEC46824223}.Release|Any CPU.ActiveCfg = Release|Any CPU
		{F4BF726B-DA1A-4E7F-BEE1-2EEC46824223}.Release|Any CPU.Build.0 = Release|Any CPU
		{F4BF726B-DA1A-4E7F-BEE1-2EEC46824223}.Release|x86.ActiveCfg = Release|x86
		{F4BF726B-DA1A-4E7F-BEE1-2EEC46824223}.Release|x86.Build.0 = Release|x86
		{F4BF726B-DA1A-4E7F-BEE1-2EEC46824223}.Test|Any CPU.ActiveCfg = Release|Any CPU
		{F4BF726B-DA1A-4E7F-BEE1-2EEC46824223}.Test|Any CPU.Build.0 = Release|Any CPU
		{F4BF726B-DA1A-4E7F-BEE1-2EEC46824223}.Test|x86.ActiveCfg = Test|x86
		{F4BF726B-DA1A-4E7F-BEE1-2EEC46824223}.Test|x86.Build.0 = Test|x86
		{F8F4ACB3-682C-45E1-A29D-DB627267F3C2}.Debug|Any CPU.ActiveCfg = Debug|Any CPU
		{F8F4ACB3-682C-45E1-A29D-DB627267F3C2}.Debug|Any CPU.Build.0 = Debug|Any CPU
		{F8F4ACB3-682C-45E1-A29D-DB627267F3C2}.Debug|x86.ActiveCfg = Debug|x86
		{F8F4ACB3-682C-45E1-A29D-DB627267F3C2}.Debug|x86.Build.0 = Debug|x86
		{F8F4ACB3-682C-45E1-A29D-DB627267F3C2}.Release|Any CPU.ActiveCfg = Release|Any CPU
		{F8F4ACB3-682C-45E1-A29D-DB627267F3C2}.Release|Any CPU.Build.0 = Release|Any CPU
		{F8F4ACB3-682C-45E1-A29D-DB627267F3C2}.Release|x86.ActiveCfg = Release|x86
		{F8F4ACB3-682C-45E1-A29D-DB627267F3C2}.Release|x86.Build.0 = Release|x86
		{F8F4ACB3-682C-45E1-A29D-DB627267F3C2}.Test|Any CPU.ActiveCfg = Release|Any CPU
		{F8F4ACB3-682C-45E1-A29D-DB627267F3C2}.Test|Any CPU.Build.0 = Release|Any CPU
		{F8F4ACB3-682C-45E1-A29D-DB627267F3C2}.Test|x86.ActiveCfg = Test|x86
		{F8F4ACB3-682C-45E1-A29D-DB627267F3C2}.Test|x86.Build.0 = Test|x86
		{F0509B91-D918-42BB-B997-FBDFC8C431B5}.Debug|Any CPU.ActiveCfg = Debug|Any CPU
		{F0509B91-D918-42BB-B997-FBDFC8C431B5}.Debug|Any CPU.Build.0 = Debug|Any CPU
		{F0509B91-D918-42BB-B997-FBDFC8C431B5}.Debug|x86.ActiveCfg = Debug|x86
		{F0509B91-D918-42BB-B997-FBDFC8C431B5}.Debug|x86.Build.0 = Debug|x86
		{F0509B91-D918-42BB-B997-FBDFC8C431B5}.Release|Any CPU.ActiveCfg = Release|Any CPU
		{F0509B91-D918-42BB-B997-FBDFC8C431B5}.Release|Any CPU.Build.0 = Release|Any CPU
		{F0509B91-D918-42BB-B997-FBDFC8C431B5}.Release|x86.ActiveCfg = Release|x86
		{F0509B91-D918-42BB-B997-FBDFC8C431B5}.Release|x86.Build.0 = Release|x86
		{F0509B91-D918-42BB-B997-FBDFC8C431B5}.Test|Any CPU.ActiveCfg = Release|Any CPU
		{F0509B91-D918-42BB-B997-FBDFC8C431B5}.Test|Any CPU.Build.0 = Release|Any CPU
		{F0509B91-D918-42BB-B997-FBDFC8C431B5}.Test|x86.ActiveCfg = Test|x86
		{F0509B91-D918-42BB-B997-FBDFC8C431B5}.Test|x86.Build.0 = Test|x86
		{C778995B-B444-435C-BF73-7A191588F8D4}.Debug|Any CPU.ActiveCfg = Debug|Any CPU
		{C778995B-B444-435C-BF73-7A191588F8D4}.Debug|Any CPU.Build.0 = Debug|Any CPU
		{C778995B-B444-435C-BF73-7A191588F8D4}.Debug|x86.ActiveCfg = Debug|x86
		{C778995B-B444-435C-BF73-7A191588F8D4}.Debug|x86.Build.0 = Debug|x86
		{C778995B-B444-435C-BF73-7A191588F8D4}.Release|Any CPU.ActiveCfg = Release|Any CPU
		{C778995B-B444-435C-BF73-7A191588F8D4}.Release|Any CPU.Build.0 = Release|Any CPU
		{C778995B-B444-435C-BF73-7A191588F8D4}.Release|x86.ActiveCfg = Release|x86
		{C778995B-B444-435C-BF73-7A191588F8D4}.Release|x86.Build.0 = Release|x86
		{C778995B-B444-435C-BF73-7A191588F8D4}.Test|Any CPU.ActiveCfg = Release|Any CPU
		{C778995B-B444-435C-BF73-7A191588F8D4}.Test|Any CPU.Build.0 = Release|Any CPU
		{C778995B-B444-435C-BF73-7A191588F8D4}.Test|x86.ActiveCfg = Test|x86
		{C778995B-B444-435C-BF73-7A191588F8D4}.Test|x86.Build.0 = Test|x86
		{75725992-1444-46D5-A540-14ABE75A9529}.Debug|Any CPU.ActiveCfg = Debug|Any CPU
		{75725992-1444-46D5-A540-14ABE75A9529}.Debug|Any CPU.Build.0 = Debug|Any CPU
		{75725992-1444-46D5-A540-14ABE75A9529}.Debug|x86.ActiveCfg = Debug|x86
		{75725992-1444-46D5-A540-14ABE75A9529}.Debug|x86.Build.0 = Debug|x86
		{75725992-1444-46D5-A540-14ABE75A9529}.Release|Any CPU.ActiveCfg = Release|Any CPU
		{75725992-1444-46D5-A540-14ABE75A9529}.Release|Any CPU.Build.0 = Release|Any CPU
		{75725992-1444-46D5-A540-14ABE75A9529}.Release|x86.ActiveCfg = Release|x86
		{75725992-1444-46D5-A540-14ABE75A9529}.Release|x86.Build.0 = Release|x86
		{75725992-1444-46D5-A540-14ABE75A9529}.Test|Any CPU.ActiveCfg = Release|Any CPU
		{75725992-1444-46D5-A540-14ABE75A9529}.Test|Any CPU.Build.0 = Release|Any CPU
		{75725992-1444-46D5-A540-14ABE75A9529}.Test|x86.ActiveCfg = Test|x86
		{75725992-1444-46D5-A540-14ABE75A9529}.Test|x86.Build.0 = Test|x86
		{6B5D7FBA-59C4-4C40-9EE3-155E68C49309}.Debug|Any CPU.ActiveCfg = Debug|Any CPU
		{6B5D7FBA-59C4-4C40-9EE3-155E68C49309}.Debug|Any CPU.Build.0 = Debug|Any CPU
		{6B5D7FBA-59C4-4C40-9EE3-155E68C49309}.Debug|x86.ActiveCfg = Debug|x86
		{6B5D7FBA-59C4-4C40-9EE3-155E68C49309}.Debug|x86.Build.0 = Debug|x86
		{6B5D7FBA-59C4-4C40-9EE3-155E68C49309}.Release|Any CPU.ActiveCfg = Release|Any CPU
		{6B5D7FBA-59C4-4C40-9EE3-155E68C49309}.Release|Any CPU.Build.0 = Release|Any CPU
		{6B5D7FBA-59C4-4C40-9EE3-155E68C49309}.Release|x86.ActiveCfg = Release|x86
		{6B5D7FBA-59C4-4C40-9EE3-155E68C49309}.Release|x86.Build.0 = Release|x86
		{6B5D7FBA-59C4-4C40-9EE3-155E68C49309}.Test|Any CPU.ActiveCfg = Release|Any CPU
		{6B5D7FBA-59C4-4C40-9EE3-155E68C49309}.Test|Any CPU.Build.0 = Release|Any CPU
		{6B5D7FBA-59C4-4C40-9EE3-155E68C49309}.Test|x86.ActiveCfg = Test|x86
		{6B5D7FBA-59C4-4C40-9EE3-155E68C49309}.Test|x86.Build.0 = Test|x86
		{8A991FD7-A6AD-4201-831C-9F3B358E66D4}.Debug|Any CPU.ActiveCfg = Debug|Any CPU
		{8A991FD7-A6AD-4201-831C-9F3B358E66D4}.Debug|Any CPU.Build.0 = Debug|Any CPU
		{8A991FD7-A6AD-4201-831C-9F3B358E66D4}.Debug|x86.ActiveCfg = Debug|x86
		{8A991FD7-A6AD-4201-831C-9F3B358E66D4}.Debug|x86.Build.0 = Debug|x86
		{8A991FD7-A6AD-4201-831C-9F3B358E66D4}.Release|Any CPU.ActiveCfg = Release|Any CPU
		{8A991FD7-A6AD-4201-831C-9F3B358E66D4}.Release|Any CPU.Build.0 = Release|Any CPU
		{8A991FD7-A6AD-4201-831C-9F3B358E66D4}.Release|x86.ActiveCfg = Release|x86
		{8A991FD7-A6AD-4201-831C-9F3B358E66D4}.Release|x86.Build.0 = Release|x86
		{8A991FD7-A6AD-4201-831C-9F3B358E66D4}.Test|Any CPU.ActiveCfg = Release|Any CPU
		{8A991FD7-A6AD-4201-831C-9F3B358E66D4}.Test|Any CPU.Build.0 = Release|Any CPU
		{8A991FD7-A6AD-4201-831C-9F3B358E66D4}.Test|x86.ActiveCfg = Test|x86
		{8A991FD7-A6AD-4201-831C-9F3B358E66D4}.Test|x86.Build.0 = Test|x86
		{A460C0E0-AC43-455D-B6C2-7C6FE288AA42}.Debug|Any CPU.ActiveCfg = Debug|Any CPU
		{A460C0E0-AC43-455D-B6C2-7C6FE288AA42}.Debug|Any CPU.Build.0 = Debug|Any CPU
		{A460C0E0-AC43-455D-B6C2-7C6FE288AA42}.Debug|x86.ActiveCfg = Debug|x86
		{A460C0E0-AC43-455D-B6C2-7C6FE288AA42}.Debug|x86.Build.0 = Debug|x86
		{A460C0E0-AC43-455D-B6C2-7C6FE288AA42}.Release|Any CPU.ActiveCfg = Release|Any CPU
		{A460C0E0-AC43-455D-B6C2-7C6FE288AA42}.Release|Any CPU.Build.0 = Release|Any CPU
		{A460C0E0-AC43-455D-B6C2-7C6FE288AA42}.Release|x86.ActiveCfg = Release|x86
		{A460C0E0-AC43-455D-B6C2-7C6FE288AA42}.Release|x86.Build.0 = Release|x86
		{A460C0E0-AC43-455D-B6C2-7C6FE288AA42}.Test|Any CPU.ActiveCfg = Release|Any CPU
		{A460C0E0-AC43-455D-B6C2-7C6FE288AA42}.Test|Any CPU.Build.0 = Release|Any CPU
		{A460C0E0-AC43-455D-B6C2-7C6FE288AA42}.Test|x86.ActiveCfg = Test|x86
		{A460C0E0-AC43-455D-B6C2-7C6FE288AA42}.Test|x86.Build.0 = Test|x86
		{CFD6D3AB-B5E0-4A8B-A647-0E540F82FD31}.Debug|Any CPU.ActiveCfg = Debug|Any CPU
		{CFD6D3AB-B5E0-4A8B-A647-0E540F82FD31}.Debug|Any CPU.Build.0 = Debug|Any CPU
		{CFD6D3AB-B5E0-4A8B-A647-0E540F82FD31}.Debug|x86.ActiveCfg = Debug|x86
		{CFD6D3AB-B5E0-4A8B-A647-0E540F82FD31}.Debug|x86.Build.0 = Debug|x86
		{CFD6D3AB-B5E0-4A8B-A647-0E540F82FD31}.Release|Any CPU.ActiveCfg = Release|Any CPU
		{CFD6D3AB-B5E0-4A8B-A647-0E540F82FD31}.Release|Any CPU.Build.0 = Release|Any CPU
		{CFD6D3AB-B5E0-4A8B-A647-0E540F82FD31}.Release|x86.ActiveCfg = Release|x86
		{CFD6D3AB-B5E0-4A8B-A647-0E540F82FD31}.Release|x86.Build.0 = Release|x86
		{CFD6D3AB-B5E0-4A8B-A647-0E540F82FD31}.Test|Any CPU.ActiveCfg = Release|Any CPU
		{CFD6D3AB-B5E0-4A8B-A647-0E540F82FD31}.Test|Any CPU.Build.0 = Release|Any CPU
		{CFD6D3AB-B5E0-4A8B-A647-0E540F82FD31}.Test|x86.ActiveCfg = Test|x86
		{CFD6D3AB-B5E0-4A8B-A647-0E540F82FD31}.Test|x86.Build.0 = Test|x86
		{8F7B20DF-F124-4D84-9013-090D5069B777}.Debug|Any CPU.ActiveCfg = Debug|Any CPU
		{8F7B20DF-F124-4D84-9013-090D5069B777}.Debug|Any CPU.Build.0 = Debug|Any CPU
		{8F7B20DF-F124-4D84-9013-090D5069B777}.Debug|x86.ActiveCfg = Debug|x86
		{8F7B20DF-F124-4D84-9013-090D5069B777}.Debug|x86.Build.0 = Debug|x86
		{8F7B20DF-F124-4D84-9013-090D5069B777}.Release|Any CPU.ActiveCfg = Release|Any CPU
		{8F7B20DF-F124-4D84-9013-090D5069B777}.Release|Any CPU.Build.0 = Release|Any CPU
		{8F7B20DF-F124-4D84-9013-090D5069B777}.Release|x86.ActiveCfg = Release|x86
		{8F7B20DF-F124-4D84-9013-090D5069B777}.Release|x86.Build.0 = Release|x86
		{8F7B20DF-F124-4D84-9013-090D5069B777}.Test|Any CPU.ActiveCfg = Release|Any CPU
		{8F7B20DF-F124-4D84-9013-090D5069B777}.Test|Any CPU.Build.0 = Release|Any CPU
		{8F7B20DF-F124-4D84-9013-090D5069B777}.Test|x86.ActiveCfg = Test|x86
		{8F7B20DF-F124-4D84-9013-090D5069B777}.Test|x86.Build.0 = Test|x86
		{9985B457-8D3F-4A79-9B4F-B2A2E5FC1C92}.Debug|Any CPU.ActiveCfg = Debug|Any CPU
		{9985B457-8D3F-4A79-9B4F-B2A2E5FC1C92}.Debug|Any CPU.Build.0 = Debug|Any CPU
		{9985B457-8D3F-4A79-9B4F-B2A2E5FC1C92}.Debug|x86.ActiveCfg = Debug|x86
		{9985B457-8D3F-4A79-9B4F-B2A2E5FC1C92}.Debug|x86.Build.0 = Debug|x86
		{9985B457-8D3F-4A79-9B4F-B2A2E5FC1C92}.Release|Any CPU.ActiveCfg = Release|Any CPU
		{9985B457-8D3F-4A79-9B4F-B2A2E5FC1C92}.Release|Any CPU.Build.0 = Release|Any CPU
		{9985B457-8D3F-4A79-9B4F-B2A2E5FC1C92}.Release|x86.ActiveCfg = Release|x86
		{9985B457-8D3F-4A79-9B4F-B2A2E5FC1C92}.Release|x86.Build.0 = Release|x86
		{9985B457-8D3F-4A79-9B4F-B2A2E5FC1C92}.Test|Any CPU.ActiveCfg = Release|Any CPU
		{9985B457-8D3F-4A79-9B4F-B2A2E5FC1C92}.Test|Any CPU.Build.0 = Release|Any CPU
		{9985B457-8D3F-4A79-9B4F-B2A2E5FC1C92}.Test|x86.ActiveCfg = Test|x86
		{9985B457-8D3F-4A79-9B4F-B2A2E5FC1C92}.Test|x86.Build.0 = Test|x86
		{25E5C42C-DE45-43D9-A8C4-55819A00C9EA}.Debug|Any CPU.ActiveCfg = Debug|Any CPU
		{25E5C42C-DE45-43D9-A8C4-55819A00C9EA}.Debug|Any CPU.Build.0 = Debug|Any CPU
		{25E5C42C-DE45-43D9-A8C4-55819A00C9EA}.Debug|x86.ActiveCfg = Debug|x86
		{25E5C42C-DE45-43D9-A8C4-55819A00C9EA}.Debug|x86.Build.0 = Debug|x86
		{25E5C42C-DE45-43D9-A8C4-55819A00C9EA}.Release|Any CPU.ActiveCfg = Release|Any CPU
		{25E5C42C-DE45-43D9-A8C4-55819A00C9EA}.Release|Any CPU.Build.0 = Release|Any CPU
		{25E5C42C-DE45-43D9-A8C4-55819A00C9EA}.Release|x86.ActiveCfg = Release|x86
		{25E5C42C-DE45-43D9-A8C4-55819A00C9EA}.Release|x86.Build.0 = Release|x86
		{25E5C42C-DE45-43D9-A8C4-55819A00C9EA}.Test|Any CPU.ActiveCfg = Release|Any CPU
		{25E5C42C-DE45-43D9-A8C4-55819A00C9EA}.Test|Any CPU.Build.0 = Release|Any CPU
		{25E5C42C-DE45-43D9-A8C4-55819A00C9EA}.Test|x86.ActiveCfg = Test|x86
		{25E5C42C-DE45-43D9-A8C4-55819A00C9EA}.Test|x86.Build.0 = Test|x86
		{8D7030F6-D8E5-4A05-A358-EC3BA4A6CCE5}.Debug|Any CPU.ActiveCfg = Debug|Any CPU
		{8D7030F6-D8E5-4A05-A358-EC3BA4A6CCE5}.Debug|Any CPU.Build.0 = Debug|Any CPU
		{8D7030F6-D8E5-4A05-A358-EC3BA4A6CCE5}.Debug|x86.ActiveCfg = Debug|x86
		{8D7030F6-D8E5-4A05-A358-EC3BA4A6CCE5}.Debug|x86.Build.0 = Debug|x86
		{8D7030F6-D8E5-4A05-A358-EC3BA4A6CCE5}.Release|Any CPU.ActiveCfg = Release|Any CPU
		{8D7030F6-D8E5-4A05-A358-EC3BA4A6CCE5}.Release|Any CPU.Build.0 = Release|Any CPU
		{8D7030F6-D8E5-4A05-A358-EC3BA4A6CCE5}.Release|x86.ActiveCfg = Release|x86
		{8D7030F6-D8E5-4A05-A358-EC3BA4A6CCE5}.Release|x86.Build.0 = Release|x86
		{8D7030F6-D8E5-4A05-A358-EC3BA4A6CCE5}.Test|Any CPU.ActiveCfg = Release|Any CPU
		{8D7030F6-D8E5-4A05-A358-EC3BA4A6CCE5}.Test|Any CPU.Build.0 = Release|Any CPU
		{8D7030F6-D8E5-4A05-A358-EC3BA4A6CCE5}.Test|x86.ActiveCfg = Test|x86
		{8D7030F6-D8E5-4A05-A358-EC3BA4A6CCE5}.Test|x86.Build.0 = Test|x86
		{25D13384-28DA-4A28-94EC-350E56117BAB}.Debug|Any CPU.ActiveCfg = Debug|Any CPU
		{25D13384-28DA-4A28-94EC-350E56117BAB}.Debug|Any CPU.Build.0 = Debug|Any CPU
		{25D13384-28DA-4A28-94EC-350E56117BAB}.Debug|x86.ActiveCfg = Debug|x86
		{25D13384-28DA-4A28-94EC-350E56117BAB}.Debug|x86.Build.0 = Debug|x86
		{25D13384-28DA-4A28-94EC-350E56117BAB}.Release|Any CPU.ActiveCfg = Release|Any CPU
		{25D13384-28DA-4A28-94EC-350E56117BAB}.Release|Any CPU.Build.0 = Release|Any CPU
		{25D13384-28DA-4A28-94EC-350E56117BAB}.Release|x86.ActiveCfg = Release|x86
		{25D13384-28DA-4A28-94EC-350E56117BAB}.Release|x86.Build.0 = Release|x86
		{25D13384-28DA-4A28-94EC-350E56117BAB}.Test|Any CPU.ActiveCfg = Release|Any CPU
		{25D13384-28DA-4A28-94EC-350E56117BAB}.Test|Any CPU.Build.0 = Release|Any CPU
		{25D13384-28DA-4A28-94EC-350E56117BAB}.Test|x86.ActiveCfg = Test|x86
		{25D13384-28DA-4A28-94EC-350E56117BAB}.Test|x86.Build.0 = Test|x86
		{64E24F77-CFE5-4C3B-95E7-03F2544B49D9}.Debug|Any CPU.ActiveCfg = Debug|Any CPU
		{64E24F77-CFE5-4C3B-95E7-03F2544B49D9}.Debug|Any CPU.Build.0 = Debug|Any CPU
		{64E24F77-CFE5-4C3B-95E7-03F2544B49D9}.Debug|x86.ActiveCfg = Debug|x86
		{64E24F77-CFE5-4C3B-95E7-03F2544B49D9}.Debug|x86.Build.0 = Debug|x86
		{64E24F77-CFE5-4C3B-95E7-03F2544B49D9}.Release|Any CPU.ActiveCfg = Release|Any CPU
		{64E24F77-CFE5-4C3B-95E7-03F2544B49D9}.Release|Any CPU.Build.0 = Release|Any CPU
		{64E24F77-CFE5-4C3B-95E7-03F2544B49D9}.Release|x86.ActiveCfg = Release|x86
		{64E24F77-CFE5-4C3B-95E7-03F2544B49D9}.Release|x86.Build.0 = Release|x86
		{64E24F77-CFE5-4C3B-95E7-03F2544B49D9}.Test|Any CPU.ActiveCfg = Release|Any CPU
		{64E24F77-CFE5-4C3B-95E7-03F2544B49D9}.Test|Any CPU.Build.0 = Release|Any CPU
		{64E24F77-CFE5-4C3B-95E7-03F2544B49D9}.Test|x86.ActiveCfg = Test|x86
		{64E24F77-CFE5-4C3B-95E7-03F2544B49D9}.Test|x86.Build.0 = Test|x86
		{67C6A9CC-55DA-453C-B7CD-89397FD490FB}.Debug|Any CPU.ActiveCfg = Debug|Any CPU
		{67C6A9CC-55DA-453C-B7CD-89397FD490FB}.Debug|Any CPU.Build.0 = Debug|Any CPU
		{67C6A9CC-55DA-453C-B7CD-89397FD490FB}.Debug|x86.ActiveCfg = Debug|x86
		{67C6A9CC-55DA-453C-B7CD-89397FD490FB}.Debug|x86.Build.0 = Debug|x86
		{67C6A9CC-55DA-453C-B7CD-89397FD490FB}.Release|Any CPU.ActiveCfg = Release|Any CPU
		{67C6A9CC-55DA-453C-B7CD-89397FD490FB}.Release|Any CPU.Build.0 = Release|Any CPU
		{67C6A9CC-55DA-453C-B7CD-89397FD490FB}.Release|x86.ActiveCfg = Release|x86
		{67C6A9CC-55DA-453C-B7CD-89397FD490FB}.Release|x86.Build.0 = Release|x86
		{67C6A9CC-55DA-453C-B7CD-89397FD490FB}.Test|Any CPU.ActiveCfg = Release|Any CPU
		{67C6A9CC-55DA-453C-B7CD-89397FD490FB}.Test|Any CPU.Build.0 = Release|Any CPU
		{67C6A9CC-55DA-453C-B7CD-89397FD490FB}.Test|x86.ActiveCfg = Test|x86
		{67C6A9CC-55DA-453C-B7CD-89397FD490FB}.Test|x86.Build.0 = Test|x86
		{33123DED-4FA7-49AE-B31F-102B8C2E9033}.Debug|Any CPU.ActiveCfg = Debug|Any CPU
		{33123DED-4FA7-49AE-B31F-102B8C2E9033}.Debug|Any CPU.Build.0 = Debug|Any CPU
		{33123DED-4FA7-49AE-B31F-102B8C2E9033}.Debug|x86.ActiveCfg = Debug|x86
		{33123DED-4FA7-49AE-B31F-102B8C2E9033}.Debug|x86.Build.0 = Debug|x86
		{33123DED-4FA7-49AE-B31F-102B8C2E9033}.Release|Any CPU.ActiveCfg = Release|Any CPU
		{33123DED-4FA7-49AE-B31F-102B8C2E9033}.Release|Any CPU.Build.0 = Release|Any CPU
		{33123DED-4FA7-49AE-B31F-102B8C2E9033}.Release|x86.ActiveCfg = Release|x86
		{33123DED-4FA7-49AE-B31F-102B8C2E9033}.Release|x86.Build.0 = Release|x86
		{33123DED-4FA7-49AE-B31F-102B8C2E9033}.Test|Any CPU.ActiveCfg = Release|Any CPU
		{33123DED-4FA7-49AE-B31F-102B8C2E9033}.Test|Any CPU.Build.0 = Release|Any CPU
		{33123DED-4FA7-49AE-B31F-102B8C2E9033}.Test|x86.ActiveCfg = Test|x86
		{33123DED-4FA7-49AE-B31F-102B8C2E9033}.Test|x86.Build.0 = Test|x86
		{30AFD9C0-0581-4277-BF5E-12EC3F264EFA}.Debug|Any CPU.ActiveCfg = Debug|Any CPU
		{30AFD9C0-0581-4277-BF5E-12EC3F264EFA}.Debug|Any CPU.Build.0 = Debug|Any CPU
		{30AFD9C0-0581-4277-BF5E-12EC3F264EFA}.Debug|x86.ActiveCfg = Debug|x86
		{30AFD9C0-0581-4277-BF5E-12EC3F264EFA}.Debug|x86.Build.0 = Debug|x86
		{30AFD9C0-0581-4277-BF5E-12EC3F264EFA}.Release|Any CPU.ActiveCfg = Release|Any CPU
		{30AFD9C0-0581-4277-BF5E-12EC3F264EFA}.Release|Any CPU.Build.0 = Release|Any CPU
		{30AFD9C0-0581-4277-BF5E-12EC3F264EFA}.Release|x86.ActiveCfg = Release|x86
		{30AFD9C0-0581-4277-BF5E-12EC3F264EFA}.Release|x86.Build.0 = Release|x86
		{30AFD9C0-0581-4277-BF5E-12EC3F264EFA}.Test|Any CPU.ActiveCfg = Release|Any CPU
		{30AFD9C0-0581-4277-BF5E-12EC3F264EFA}.Test|Any CPU.Build.0 = Release|Any CPU
		{30AFD9C0-0581-4277-BF5E-12EC3F264EFA}.Test|x86.ActiveCfg = Test|x86
		{30AFD9C0-0581-4277-BF5E-12EC3F264EFA}.Test|x86.Build.0 = Test|x86
		{73CBFA6A-944C-4013-837E-F6A2B612FAD4}.Debug|Any CPU.ActiveCfg = Debug|Any CPU
		{73CBFA6A-944C-4013-837E-F6A2B612FAD4}.Debug|Any CPU.Build.0 = Debug|Any CPU
		{73CBFA6A-944C-4013-837E-F6A2B612FAD4}.Debug|x86.ActiveCfg = Debug|x86
		{73CBFA6A-944C-4013-837E-F6A2B612FAD4}.Debug|x86.Build.0 = Debug|x86
		{73CBFA6A-944C-4013-837E-F6A2B612FAD4}.Release|Any CPU.ActiveCfg = Release|Any CPU
		{73CBFA6A-944C-4013-837E-F6A2B612FAD4}.Release|Any CPU.Build.0 = Release|Any CPU
		{73CBFA6A-944C-4013-837E-F6A2B612FAD4}.Release|x86.ActiveCfg = Release|x86
		{73CBFA6A-944C-4013-837E-F6A2B612FAD4}.Release|x86.Build.0 = Release|x86
		{73CBFA6A-944C-4013-837E-F6A2B612FAD4}.Test|Any CPU.ActiveCfg = Release|Any CPU
		{73CBFA6A-944C-4013-837E-F6A2B612FAD4}.Test|Any CPU.Build.0 = Release|Any CPU
		{73CBFA6A-944C-4013-837E-F6A2B612FAD4}.Test|x86.ActiveCfg = Test|x86
		{73CBFA6A-944C-4013-837E-F6A2B612FAD4}.Test|x86.Build.0 = Test|x86
		{BAB5EAA8-F020-47F2-8199-598F2E7F224D}.Debug|Any CPU.ActiveCfg = Debug|Any CPU
		{BAB5EAA8-F020-47F2-8199-598F2E7F224D}.Debug|Any CPU.Build.0 = Debug|Any CPU
		{BAB5EAA8-F020-47F2-8199-598F2E7F224D}.Debug|x86.ActiveCfg = Debug|x86
		{BAB5EAA8-F020-47F2-8199-598F2E7F224D}.Debug|x86.Build.0 = Debug|x86
		{BAB5EAA8-F020-47F2-8199-598F2E7F224D}.Release|Any CPU.ActiveCfg = Release|Any CPU
		{BAB5EAA8-F020-47F2-8199-598F2E7F224D}.Release|Any CPU.Build.0 = Release|Any CPU
		{BAB5EAA8-F020-47F2-8199-598F2E7F224D}.Release|x86.ActiveCfg = Release|x86
		{BAB5EAA8-F020-47F2-8199-598F2E7F224D}.Release|x86.Build.0 = Release|x86
		{BAB5EAA8-F020-47F2-8199-598F2E7F224D}.Test|Any CPU.ActiveCfg = Test|Any CPU
		{BAB5EAA8-F020-47F2-8199-598F2E7F224D}.Test|Any CPU.Build.0 = Test|Any CPU
		{BAB5EAA8-F020-47F2-8199-598F2E7F224D}.Test|x86.ActiveCfg = Test|x86
		{BAB5EAA8-F020-47F2-8199-598F2E7F224D}.Test|x86.Build.0 = Test|x86
		{41E8B52E-2C32-4DE4-A577-A0C8C8A6B5F8}.Debug|Any CPU.ActiveCfg = Debug|Any CPU
		{41E8B52E-2C32-4DE4-A577-A0C8C8A6B5F8}.Debug|Any CPU.Build.0 = Debug|Any CPU
		{41E8B52E-2C32-4DE4-A577-A0C8C8A6B5F8}.Debug|x86.ActiveCfg = Debug|x86
		{41E8B52E-2C32-4DE4-A577-A0C8C8A6B5F8}.Debug|x86.Build.0 = Debug|x86
		{41E8B52E-2C32-4DE4-A577-A0C8C8A6B5F8}.Release|Any CPU.ActiveCfg = Release|Any CPU
		{41E8B52E-2C32-4DE4-A577-A0C8C8A6B5F8}.Release|Any CPU.Build.0 = Release|Any CPU
		{41E8B52E-2C32-4DE4-A577-A0C8C8A6B5F8}.Release|x86.ActiveCfg = Release|x86
		{41E8B52E-2C32-4DE4-A577-A0C8C8A6B5F8}.Release|x86.Build.0 = Release|x86
		{41E8B52E-2C32-4DE4-A577-A0C8C8A6B5F8}.Test|Any CPU.ActiveCfg = Test|Any CPU
		{41E8B52E-2C32-4DE4-A577-A0C8C8A6B5F8}.Test|Any CPU.Build.0 = Test|Any CPU
		{41E8B52E-2C32-4DE4-A577-A0C8C8A6B5F8}.Test|x86.ActiveCfg = Test|x86
		{41E8B52E-2C32-4DE4-A577-A0C8C8A6B5F8}.Test|x86.Build.0 = Test|x86
		{546BC737-3F24-4DEE-8696-04B5EF426E52}.Debug|Any CPU.ActiveCfg = Debug|Any CPU
		{546BC737-3F24-4DEE-8696-04B5EF426E52}.Debug|Any CPU.Build.0 = Debug|Any CPU
		{546BC737-3F24-4DEE-8696-04B5EF426E52}.Debug|x86.ActiveCfg = Debug|x86
		{546BC737-3F24-4DEE-8696-04B5EF426E52}.Debug|x86.Build.0 = Debug|x86
		{546BC737-3F24-4DEE-8696-04B5EF426E52}.Release|Any CPU.ActiveCfg = Release|Any CPU
		{546BC737-3F24-4DEE-8696-04B5EF426E52}.Release|Any CPU.Build.0 = Release|Any CPU
		{546BC737-3F24-4DEE-8696-04B5EF426E52}.Release|x86.ActiveCfg = Release|x86
		{546BC737-3F24-4DEE-8696-04B5EF426E52}.Release|x86.Build.0 = Release|x86
		{546BC737-3F24-4DEE-8696-04B5EF426E52}.Test|Any CPU.ActiveCfg = Release|Any CPU
		{546BC737-3F24-4DEE-8696-04B5EF426E52}.Test|Any CPU.Build.0 = Release|Any CPU
		{546BC737-3F24-4DEE-8696-04B5EF426E52}.Test|x86.ActiveCfg = Test|x86
		{546BC737-3F24-4DEE-8696-04B5EF426E52}.Test|x86.Build.0 = Test|x86
		{3A042E48-7E6D-4B83-AAA7-5A30143995B8}.Debug|Any CPU.ActiveCfg = Debug|Any CPU
		{3A042E48-7E6D-4B83-AAA7-5A30143995B8}.Debug|Any CPU.Build.0 = Debug|Any CPU
		{3A042E48-7E6D-4B83-AAA7-5A30143995B8}.Debug|x86.ActiveCfg = Debug|Any CPU
		{3A042E48-7E6D-4B83-AAA7-5A30143995B8}.Debug|x86.Build.0 = Debug|Any CPU
		{3A042E48-7E6D-4B83-AAA7-5A30143995B8}.Release|Any CPU.ActiveCfg = Release|Any CPU
		{3A042E48-7E6D-4B83-AAA7-5A30143995B8}.Release|Any CPU.Build.0 = Release|Any CPU
		{3A042E48-7E6D-4B83-AAA7-5A30143995B8}.Release|x86.ActiveCfg = Release|Any CPU
		{3A042E48-7E6D-4B83-AAA7-5A30143995B8}.Release|x86.Build.0 = Release|Any CPU
		{3A042E48-7E6D-4B83-AAA7-5A30143995B8}.Test|Any CPU.ActiveCfg = Debug|Any CPU
		{3A042E48-7E6D-4B83-AAA7-5A30143995B8}.Test|Any CPU.Build.0 = Debug|Any CPU
		{3A042E48-7E6D-4B83-AAA7-5A30143995B8}.Test|x86.ActiveCfg = Debug|Any CPU
		{3A042E48-7E6D-4B83-AAA7-5A30143995B8}.Test|x86.Build.0 = Debug|Any CPU
		{C9914481-0AFB-4D21-B808-0C92BC9FCA9F}.Debug|Any CPU.ActiveCfg = Debug|Any CPU
		{C9914481-0AFB-4D21-B808-0C92BC9FCA9F}.Debug|Any CPU.Build.0 = Debug|Any CPU
		{C9914481-0AFB-4D21-B808-0C92BC9FCA9F}.Debug|x86.ActiveCfg = Debug|Any CPU
		{C9914481-0AFB-4D21-B808-0C92BC9FCA9F}.Debug|x86.Build.0 = Debug|Any CPU
		{C9914481-0AFB-4D21-B808-0C92BC9FCA9F}.Release|Any CPU.ActiveCfg = Release|Any CPU
		{C9914481-0AFB-4D21-B808-0C92BC9FCA9F}.Release|Any CPU.Build.0 = Release|Any CPU
		{C9914481-0AFB-4D21-B808-0C92BC9FCA9F}.Release|x86.ActiveCfg = Release|Any CPU
		{C9914481-0AFB-4D21-B808-0C92BC9FCA9F}.Release|x86.Build.0 = Release|Any CPU
		{C9914481-0AFB-4D21-B808-0C92BC9FCA9F}.Test|Any CPU.ActiveCfg = Debug|Any CPU
		{C9914481-0AFB-4D21-B808-0C92BC9FCA9F}.Test|Any CPU.Build.0 = Debug|Any CPU
		{C9914481-0AFB-4D21-B808-0C92BC9FCA9F}.Test|x86.ActiveCfg = Debug|Any CPU
		{C9914481-0AFB-4D21-B808-0C92BC9FCA9F}.Test|x86.Build.0 = Debug|Any CPU
		{11694EAD-79DB-447A-8A5C-17A240D9B7D6}.Debug|Any CPU.ActiveCfg = Debug|Any CPU
		{11694EAD-79DB-447A-8A5C-17A240D9B7D6}.Debug|Any CPU.Build.0 = Debug|Any CPU
		{11694EAD-79DB-447A-8A5C-17A240D9B7D6}.Debug|x86.ActiveCfg = Debug|Any CPU
		{11694EAD-79DB-447A-8A5C-17A240D9B7D6}.Debug|x86.Build.0 = Debug|Any CPU
		{11694EAD-79DB-447A-8A5C-17A240D9B7D6}.Release|Any CPU.ActiveCfg = Release|Any CPU
		{11694EAD-79DB-447A-8A5C-17A240D9B7D6}.Release|Any CPU.Build.0 = Release|Any CPU
		{11694EAD-79DB-447A-8A5C-17A240D9B7D6}.Release|x86.ActiveCfg = Release|Any CPU
		{11694EAD-79DB-447A-8A5C-17A240D9B7D6}.Release|x86.Build.0 = Release|Any CPU
		{11694EAD-79DB-447A-8A5C-17A240D9B7D6}.Test|Any CPU.ActiveCfg = Debug|Any CPU
		{11694EAD-79DB-447A-8A5C-17A240D9B7D6}.Test|Any CPU.Build.0 = Debug|Any CPU
		{11694EAD-79DB-447A-8A5C-17A240D9B7D6}.Test|x86.ActiveCfg = Debug|Any CPU
		{11694EAD-79DB-447A-8A5C-17A240D9B7D6}.Test|x86.Build.0 = Debug|Any CPU
		{DD2E7FDA-E578-4A5B-BED4-600E309AFAF3}.Debug|Any CPU.ActiveCfg = Debug|Any CPU
		{DD2E7FDA-E578-4A5B-BED4-600E309AFAF3}.Debug|Any CPU.Build.0 = Debug|Any CPU
		{DD2E7FDA-E578-4A5B-BED4-600E309AFAF3}.Debug|x86.ActiveCfg = Debug|Any CPU
		{DD2E7FDA-E578-4A5B-BED4-600E309AFAF3}.Debug|x86.Build.0 = Debug|Any CPU
		{DD2E7FDA-E578-4A5B-BED4-600E309AFAF3}.Release|Any CPU.ActiveCfg = Release|Any CPU
		{DD2E7FDA-E578-4A5B-BED4-600E309AFAF3}.Release|Any CPU.Build.0 = Release|Any CPU
		{DD2E7FDA-E578-4A5B-BED4-600E309AFAF3}.Release|x86.ActiveCfg = Release|Any CPU
		{DD2E7FDA-E578-4A5B-BED4-600E309AFAF3}.Release|x86.Build.0 = Release|Any CPU
		{DD2E7FDA-E578-4A5B-BED4-600E309AFAF3}.Test|Any CPU.ActiveCfg = Debug|Any CPU
		{DD2E7FDA-E578-4A5B-BED4-600E309AFAF3}.Test|Any CPU.Build.0 = Debug|Any CPU
		{DD2E7FDA-E578-4A5B-BED4-600E309AFAF3}.Test|x86.ActiveCfg = Debug|Any CPU
		{DD2E7FDA-E578-4A5B-BED4-600E309AFAF3}.Test|x86.Build.0 = Debug|Any CPU
	EndGlobalSection
	GlobalSection(SolutionProperties) = preSolution
		HideSolutionNode = FALSE
	EndGlobalSection
	GlobalSection(NestedProjects) = preSolution
		{5B2093BE-D724-449F-A230-E340E7A4F957} = {82DC7775-3803-4201-BFBD-550817FD6736}
		{7224AF3E-97A3-43B3-8521-7F54574FD912} = {82DC7775-3803-4201-BFBD-550817FD6736}
		{AEE39C4C-DAFE-4320-98CF-6CAB321A11AB} = {82DC7775-3803-4201-BFBD-550817FD6736}
		{9ACB7089-C014-47DF-80BD-FE03A787E809} = {82DC7775-3803-4201-BFBD-550817FD6736}
		{2AA9EDAD-A630-4B26-8656-A6FBB1D9C65F} = {82DC7775-3803-4201-BFBD-550817FD6736}
		{0742304A-AB75-4DA9-BA2C-E4EE2C9645CA} = {82DC7775-3803-4201-BFBD-550817FD6736}
		{E2BA8942-B368-4B3D-BDEF-14CC68442593} = {82DC7775-3803-4201-BFBD-550817FD6736}
		{7E4F2E41-0E5E-4379-86C9-437CB5B97428} = {82DC7775-3803-4201-BFBD-550817FD6736}
		{42F68195-207B-4F67-946D-EB1B13D6DAA3} = {82DC7775-3803-4201-BFBD-550817FD6736}
		{445B1E80-ADF8-4B37-9096-27FA0D5B2737} = {82DC7775-3803-4201-BFBD-550817FD6736}
		{DE9341C2-E039-4030-810F-F3E2A98C4194} = {82DC7775-3803-4201-BFBD-550817FD6736}
		{4DC7E0DB-E2DC-4CCB-934E-223E052F5AD3} = {82DC7775-3803-4201-BFBD-550817FD6736}
		{65B85895-4F40-42EA-980A-C0391FA2BAFD} = {82DC7775-3803-4201-BFBD-550817FD6736}
		{2681F500-2675-49AD-9919-BAD85A5DEB7C} = {4775051E-B3CC-40EE-A78A-69B3B1F94D36}
		{B5D1AF99-7919-499A-95A8-6EAA6565B3DD} = {4775051E-B3CC-40EE-A78A-69B3B1F94D36}
		{7606EA64-DA7B-415A-B7C0-1AA0CAEA7188} = {4775051E-B3CC-40EE-A78A-69B3B1F94D36}
		{180617A5-8E81-47FC-8F28-D42DFBBA1465} = {7606EA64-DA7B-415A-B7C0-1AA0CAEA7188}
		{97B48F9D-42AF-4553-8282-CB7FAFC26891} = {7606EA64-DA7B-415A-B7C0-1AA0CAEA7188}
		{9692A020-BA8C-405F-B487-6C2ECDC1F46F} = {7606EA64-DA7B-415A-B7C0-1AA0CAEA7188}
		{18C575D2-C202-42A1-9008-043162F14EAF} = {7606EA64-DA7B-415A-B7C0-1AA0CAEA7188}
		{697DAFEE-84BE-45E2-BF37-6FB9D1BA75EA} = {7606EA64-DA7B-415A-B7C0-1AA0CAEA7188}
		{E99849FB-A119-44FC-A8F7-4C05CFC1AB4A} = {7606EA64-DA7B-415A-B7C0-1AA0CAEA7188}
		{5768CA3F-69E2-4CE7-AC6D-878B00A1806A} = {7606EA64-DA7B-415A-B7C0-1AA0CAEA7188}
		{F4BF726B-DA1A-4E7F-BEE1-2EEC46824223} = {7606EA64-DA7B-415A-B7C0-1AA0CAEA7188}
		{F8F4ACB3-682C-45E1-A29D-DB627267F3C2} = {7606EA64-DA7B-415A-B7C0-1AA0CAEA7188}
		{F0509B91-D918-42BB-B997-FBDFC8C431B5} = {7606EA64-DA7B-415A-B7C0-1AA0CAEA7188}
		{C778995B-B444-435C-BF73-7A191588F8D4} = {7606EA64-DA7B-415A-B7C0-1AA0CAEA7188}
		{75725992-1444-46D5-A540-14ABE75A9529} = {7606EA64-DA7B-415A-B7C0-1AA0CAEA7188}
		{6B5D7FBA-59C4-4C40-9EE3-155E68C49309} = {7606EA64-DA7B-415A-B7C0-1AA0CAEA7188}
		{14B9637B-C1F9-4FEE-BED0-907ABA280916} = {4775051E-B3CC-40EE-A78A-69B3B1F94D36}
		{8A991FD7-A6AD-4201-831C-9F3B358E66D4} = {14B9637B-C1F9-4FEE-BED0-907ABA280916}
		{A460C0E0-AC43-455D-B6C2-7C6FE288AA42} = {14B9637B-C1F9-4FEE-BED0-907ABA280916}
		{CFD6D3AB-B5E0-4A8B-A647-0E540F82FD31} = {14B9637B-C1F9-4FEE-BED0-907ABA280916}
		{8F7B20DF-F124-4D84-9013-090D5069B777} = {14B9637B-C1F9-4FEE-BED0-907ABA280916}
		{9985B457-8D3F-4A79-9B4F-B2A2E5FC1C92} = {14B9637B-C1F9-4FEE-BED0-907ABA280916}
		{5F9004D9-27D1-4322-B2D5-FBFC9C2FE855} = {4775051E-B3CC-40EE-A78A-69B3B1F94D36}
		{25E5C42C-DE45-43D9-A8C4-55819A00C9EA} = {5F9004D9-27D1-4322-B2D5-FBFC9C2FE855}
		{8D7030F6-D8E5-4A05-A358-EC3BA4A6CCE5} = {5F9004D9-27D1-4322-B2D5-FBFC9C2FE855}
		{25D13384-28DA-4A28-94EC-350E56117BAB} = {5F9004D9-27D1-4322-B2D5-FBFC9C2FE855}
		{64E24F77-CFE5-4C3B-95E7-03F2544B49D9} = {5F9004D9-27D1-4322-B2D5-FBFC9C2FE855}
		{67C6A9CC-55DA-453C-B7CD-89397FD490FB} = {8CF4D173-BD66-4121-AC38-76C931900873}
		{33123DED-4FA7-49AE-B31F-102B8C2E9033} = {8CF4D173-BD66-4121-AC38-76C931900873}
		{30AFD9C0-0581-4277-BF5E-12EC3F264EFA} = {8CF4D173-BD66-4121-AC38-76C931900873}
		{73CBFA6A-944C-4013-837E-F6A2B612FAD4} = {8CF4D173-BD66-4121-AC38-76C931900873}
		{BAB5EAA8-F020-47F2-8199-598F2E7F224D} = {8CF4D173-BD66-4121-AC38-76C931900873}
		{41E8B52E-2C32-4DE4-A577-A0C8C8A6B5F8} = {8CF4D173-BD66-4121-AC38-76C931900873}
		{546BC737-3F24-4DEE-8696-04B5EF426E52} = {8CF4D173-BD66-4121-AC38-76C931900873}
		{E345E5F4-2E45-41DE-B51F-979E8C06A6DC} = {667E60F3-AAF5-4FF0-9E9C-E1D355F1112D}
		{599CF1CC-8C68-4241-A14A-311B07B4F760} = {C48B341D-EE29-4FB5-8493-973CAC4551CE}
		{A2EFC861-4395-40A5-90CD-E10C160ED890} = {C48B341D-EE29-4FB5-8493-973CAC4551CE}
		{3A042E48-7E6D-4B83-AAA7-5A30143995B8} = {C48B341D-EE29-4FB5-8493-973CAC4551CE}
		{C9914481-0AFB-4D21-B808-0C92BC9FCA9F} = {C48B341D-EE29-4FB5-8493-973CAC4551CE}
		{11694EAD-79DB-447A-8A5C-17A240D9B7D6} = {599CF1CC-8C68-4241-A14A-311B07B4F760}
		{DD2E7FDA-E578-4A5B-BED4-600E309AFAF3} = {599CF1CC-8C68-4241-A14A-311B07B4F760}
	EndGlobalSection
EndGlobal
